// !$*UTF8*$!
{
	archiveVersion = 1;
	classes = {
	};
	objectVersion = 46;
	objects = {

/* Begin PBXBuildFile section */
		135673EE604A869AB6A2B182 /* libPods.a in Frameworks */ = {isa = PBXBuildFile; fileRef = 35504959B463B0602D128A02 /* libPods.a */; };
		EB7742081CD8B6D6007D83E9 /* BLNavigationController.m in Sources */ = {isa = PBXBuildFile; fileRef = EB7742071CD8B6D6007D83E9 /* BLNavigationController.m */; };
		EB77420B1CD8B702007D83E9 /* BLHomeViewController.m in Sources */ = {isa = PBXBuildFile; fileRef = EB77420A1CD8B702007D83E9 /* BLHomeViewController.m */; };
		EB7742141CD8CAC8007D83E9 /* BLConst.m in Sources */ = {isa = PBXBuildFile; fileRef = EB7742131CD8CAC8007D83E9 /* BLConst.m */; };
		EB7742171CD8CEE3007D83E9 /* BLTopView.m in Sources */ = {isa = PBXBuildFile; fileRef = EB7742161CD8CEE3007D83E9 /* BLTopView.m */; };
		EB77421C1CD8ED74007D83E9 /* BLSlidView.m in Sources */ = {isa = PBXBuildFile; fileRef = EB77421B1CD8ED74007D83E9 /* BLSlidView.m */; };
		EB77421E1CD8ED98007D83E9 /* BLSlidView.xib in Resources */ = {isa = PBXBuildFile; fileRef = EB77421D1CD8ED98007D83E9 /* BLSlidView.xib */; };
		EB7742231CE03937007D83E9 /* BLMainScrollView.m in Sources */ = {isa = PBXBuildFile; fileRef = EB7742221CE03937007D83E9 /* BLMainScrollView.m */; };
		EB77422F1CE078B5007D83E9 /* BLBaseViewController.m in Sources */ = {isa = PBXBuildFile; fileRef = EB77422E1CE078B5007D83E9 /* BLBaseViewController.m */; };
		EB7742321CE084D5007D83E9 /* BLCommendViewController.m in Sources */ = {isa = PBXBuildFile; fileRef = EB7742311CE084D5007D83E9 /* BLCommendViewController.m */; };
		EB7742381CE0A268007D83E9 /* AppDelegate.m in Sources */ = {isa = PBXBuildFile; fileRef = EB7742371CE0A268007D83E9 /* AppDelegate.m */; };
		EB77423A1CE0A27C007D83E9 /* main.m in Sources */ = {isa = PBXBuildFile; fileRef = EB7742391CE0A27C007D83E9 /* main.m */; };
		EB77423E1CE0A2A3007D83E9 /* Assets.xcassets in Resources */ = {isa = PBXBuildFile; fileRef = EB77423B1CE0A2A3007D83E9 /* Assets.xcassets */; };
		EB77423F1CE0A2A3007D83E9 /* Info.plist in Resources */ = {isa = PBXBuildFile; fileRef = EB77423C1CE0A2A3007D83E9 /* Info.plist */; };
		EB7742401CE0A2A3007D83E9 /* Setting.plist in Resources */ = {isa = PBXBuildFile; fileRef = EB77423D1CE0A2A3007D83E9 /* Setting.plist */; };
		EBD7C2FB1CD70C7A006F2016 /* Main.storyboard in Resources */ = {isa = PBXBuildFile; fileRef = EBD7C2F91CD70C7A006F2016 /* Main.storyboard */; };
		EBD7C3001CD70C7A006F2016 /* LaunchScreen.storyboard in Resources */ = {isa = PBXBuildFile; fileRef = EBD7C2FE1CD70C7A006F2016 /* LaunchScreen.storyboard */; };
		EBD7C30B1CD70C7A006F2016 /* LJKBILIBILITests.m in Sources */ = {isa = PBXBuildFile; fileRef = EBD7C30A1CD70C7A006F2016 /* LJKBILIBILITests.m */; };
		EBD7C3161CD70C7A006F2016 /* LJKBILIBILIUITests.m in Sources */ = {isa = PBXBuildFile; fileRef = EBD7C3151CD70C7A006F2016 /* LJKBILIBILIUITests.m */; };
/* End PBXBuildFile section */

/* Begin PBXContainerItemProxy section */
		EBD7C3071CD70C7A006F2016 /* PBXContainerItemProxy */ = {
			isa = PBXContainerItemProxy;
			containerPortal = EBD7C2E51CD70C7A006F2016 /* Project object */;
			proxyType = 1;
			remoteGlobalIDString = EBD7C2EC1CD70C7A006F2016;
			remoteInfo = LJKBILIBILI;
		};
		EBD7C3121CD70C7A006F2016 /* PBXContainerItemProxy */ = {
			isa = PBXContainerItemProxy;
			containerPortal = EBD7C2E51CD70C7A006F2016 /* Project object */;
			proxyType = 1;
			remoteGlobalIDString = EBD7C2EC1CD70C7A006F2016;
			remoteInfo = LJKBILIBILI;
		};
/* End PBXContainerItemProxy section */

/* Begin PBXFileReference section */
		35504959B463B0602D128A02 /* libPods.a */ = {isa = PBXFileReference; explicitFileType = archive.ar; includeInIndex = 0; path = libPods.a; sourceTree = BUILT_PRODUCTS_DIR; };
		4936E3804F9914AEEC7F4E42 /* Pods.release.xcconfig */ = {isa = PBXFileReference; includeInIndex = 1; lastKnownFileType = text.xcconfig; name = Pods.release.xcconfig; path = "../Pods/Target Support Files/Pods/Pods.release.xcconfig"; sourceTree = "<group>"; };
		AC28F008A4D1D594A03F4A42 /* Pods.debug.xcconfig */ = {isa = PBXFileReference; includeInIndex = 1; lastKnownFileType = text.xcconfig; name = Pods.debug.xcconfig; path = "../Pods/Target Support Files/Pods/Pods.debug.xcconfig"; sourceTree = "<group>"; };
		EB7742061CD8B6D6007D83E9 /* BLNavigationController.h */ = {isa = PBXFileReference; fileEncoding = 4; lastKnownFileType = sourcecode.c.h; path = BLNavigationController.h; sourceTree = "<group>"; };
		EB7742071CD8B6D6007D83E9 /* BLNavigationController.m */ = {isa = PBXFileReference; fileEncoding = 4; lastKnownFileType = sourcecode.c.objc; path = BLNavigationController.m; sourceTree = "<group>"; };
		EB7742091CD8B702007D83E9 /* BLHomeViewController.h */ = {isa = PBXFileReference; fileEncoding = 4; lastKnownFileType = sourcecode.c.h; path = BLHomeViewController.h; sourceTree = "<group>"; };
		EB77420A1CD8B702007D83E9 /* BLHomeViewController.m */ = {isa = PBXFileReference; fileEncoding = 4; lastKnownFileType = sourcecode.c.objc; path = BLHomeViewController.m; sourceTree = "<group>"; };
		EB7742121CD8CAC8007D83E9 /* BLConst.h */ = {isa = PBXFileReference; fileEncoding = 4; lastKnownFileType = sourcecode.c.h; path = BLConst.h; sourceTree = "<group>"; };
		EB7742131CD8CAC8007D83E9 /* BLConst.m */ = {isa = PBXFileReference; fileEncoding = 4; lastKnownFileType = sourcecode.c.objc; path = BLConst.m; sourceTree = "<group>"; };
		EB7742151CD8CEE3007D83E9 /* BLTopView.h */ = {isa = PBXFileReference; fileEncoding = 4; lastKnownFileType = sourcecode.c.h; path = BLTopView.h; sourceTree = "<group>"; };
		EB7742161CD8CEE3007D83E9 /* BLTopView.m */ = {isa = PBXFileReference; fileEncoding = 4; lastKnownFileType = sourcecode.c.objc; path = BLTopView.m; sourceTree = "<group>"; };
		EB77421A1CD8ED74007D83E9 /* BLSlidView.h */ = {isa = PBXFileReference; fileEncoding = 4; lastKnownFileType = sourcecode.c.h; path = BLSlidView.h; sourceTree = "<group>"; };
		EB77421B1CD8ED74007D83E9 /* BLSlidView.m */ = {isa = PBXFileReference; fileEncoding = 4; lastKnownFileType = sourcecode.c.objc; path = BLSlidView.m; sourceTree = "<group>"; };
		EB77421D1CD8ED98007D83E9 /* BLSlidView.xib */ = {isa = PBXFileReference; fileEncoding = 4; lastKnownFileType = file.xib; path = BLSlidView.xib; sourceTree = "<group>"; };
		EB7742211CE03937007D83E9 /* BLMainScrollView.h */ = {isa = PBXFileReference; fileEncoding = 4; lastKnownFileType = sourcecode.c.h; path = BLMainScrollView.h; sourceTree = "<group>"; };
		EB7742221CE03937007D83E9 /* BLMainScrollView.m */ = {isa = PBXFileReference; fileEncoding = 4; lastKnownFileType = sourcecode.c.objc; path = BLMainScrollView.m; sourceTree = "<group>"; };
		EB77422D1CE078B5007D83E9 /* BLBaseViewController.h */ = {isa = PBXFileReference; fileEncoding = 4; lastKnownFileType = sourcecode.c.h; path = BLBaseViewController.h; sourceTree = "<group>"; };
		EB77422E1CE078B5007D83E9 /* BLBaseViewController.m */ = {isa = PBXFileReference; fileEncoding = 4; lastKnownFileType = sourcecode.c.objc; path = BLBaseViewController.m; sourceTree = "<group>"; };
		EB7742301CE084D5007D83E9 /* BLCommendViewController.h */ = {isa = PBXFileReference; fileEncoding = 4; lastKnownFileType = sourcecode.c.h; path = BLCommendViewController.h; sourceTree = "<group>"; };
		EB7742311CE084D5007D83E9 /* BLCommendViewController.m */ = {isa = PBXFileReference; fileEncoding = 4; lastKnownFileType = sourcecode.c.objc; path = BLCommendViewController.m; sourceTree = "<group>"; };
		EB7742361CE0A268007D83E9 /* AppDelegate.h */ = {isa = PBXFileReference; fileEncoding = 4; lastKnownFileType = sourcecode.c.h; path = AppDelegate.h; sourceTree = "<group>"; };
		EB7742371CE0A268007D83E9 /* AppDelegate.m */ = {isa = PBXFileReference; fileEncoding = 4; lastKnownFileType = sourcecode.c.objc; path = AppDelegate.m; sourceTree = "<group>"; };
		EB7742391CE0A27C007D83E9 /* main.m */ = {isa = PBXFileReference; fileEncoding = 4; lastKnownFileType = sourcecode.c.objc; path = main.m; sourceTree = "<group>"; };
		EB77423B1CE0A2A3007D83E9 /* Assets.xcassets */ = {isa = PBXFileReference; lastKnownFileType = folder.assetcatalog; path = Assets.xcassets; sourceTree = "<group>"; };
		EB77423C1CE0A2A3007D83E9 /* Info.plist */ = {isa = PBXFileReference; fileEncoding = 4; lastKnownFileType = text.plist.xml; path = Info.plist; sourceTree = "<group>"; };
		EB77423D1CE0A2A3007D83E9 /* Setting.plist */ = {isa = PBXFileReference; fileEncoding = 4; lastKnownFileType = text.plist.xml; path = Setting.plist; sourceTree = "<group>"; };
		EBD7C2ED1CD70C7A006F2016 /* LJKBILIBILI.app */ = {isa = PBXFileReference; explicitFileType = wrapper.application; includeInIndex = 0; path = LJKBILIBILI.app; sourceTree = BUILT_PRODUCTS_DIR; };
		EBD7C2FA1CD70C7A006F2016 /* Base */ = {isa = PBXFileReference; lastKnownFileType = file.storyboard; name = Base; path = Base.lproj/Main.storyboard; sourceTree = "<group>"; };
		EBD7C2FF1CD70C7A006F2016 /* Base */ = {isa = PBXFileReference; lastKnownFileType = file.storyboard; name = Base; path = Base.lproj/LaunchScreen.storyboard; sourceTree = "<group>"; };
		EBD7C3061CD70C7A006F2016 /* LJKBILIBILITests.xctest */ = {isa = PBXFileReference; explicitFileType = wrapper.cfbundle; includeInIndex = 0; path = LJKBILIBILITests.xctest; sourceTree = BUILT_PRODUCTS_DIR; };
		EBD7C30A1CD70C7A006F2016 /* LJKBILIBILITests.m */ = {isa = PBXFileReference; lastKnownFileType = sourcecode.c.objc; path = LJKBILIBILITests.m; sourceTree = "<group>"; };
		EBD7C30C1CD70C7A006F2016 /* Info.plist */ = {isa = PBXFileReference; lastKnownFileType = text.plist.xml; path = Info.plist; sourceTree = "<group>"; };
		EBD7C3111CD70C7A006F2016 /* LJKBILIBILIUITests.xctest */ = {isa = PBXFileReference; explicitFileType = wrapper.cfbundle; includeInIndex = 0; path = LJKBILIBILIUITests.xctest; sourceTree = BUILT_PRODUCTS_DIR; };
		EBD7C3151CD70C7A006F2016 /* LJKBILIBILIUITests.m */ = {isa = PBXFileReference; lastKnownFileType = sourcecode.c.objc; path = LJKBILIBILIUITests.m; sourceTree = "<group>"; };
		EBD7C3171CD70C7A006F2016 /* Info.plist */ = {isa = PBXFileReference; lastKnownFileType = text.plist.xml; path = Info.plist; sourceTree = "<group>"; };
/* End PBXFileReference section */

/* Begin PBXFrameworksBuildPhase section */
		EBD7C2EA1CD70C7A006F2016 /* Frameworks */ = {
			isa = PBXFrameworksBuildPhase;
			buildActionMask = 2147483647;
			files = (
				135673EE604A869AB6A2B182 /* libPods.a in Frameworks */,
			);
			runOnlyForDeploymentPostprocessing = 0;
		};
		EBD7C3031CD70C7A006F2016 /* Frameworks */ = {
			isa = PBXFrameworksBuildPhase;
			buildActionMask = 2147483647;
			files = (
			);
			runOnlyForDeploymentPostprocessing = 0;
		};
		EBD7C30E1CD70C7A006F2016 /* Frameworks */ = {
			isa = PBXFrameworksBuildPhase;
			buildActionMask = 2147483647;
			files = (
			);
			runOnlyForDeploymentPostprocessing = 0;
		};
/* End PBXFrameworksBuildPhase section */

/* Begin PBXGroup section */
		82D1CE6618EC51C9F4BD4526 /* Pods */ = {
			isa = PBXGroup;
			children = (
				AC28F008A4D1D594A03F4A42 /* Pods.debug.xcconfig */,
				4936E3804F9914AEEC7F4E42 /* Pods.release.xcconfig */,
			);
			name = Pods;
			sourceTree = "<group>";
		};
		D502FA61AD9805B7422AEC38 /* Frameworks */ = {
			isa = PBXGroup;
			children = (
				35504959B463B0602D128A02 /* libPods.a */,
			);
			name = Frameworks;
			sourceTree = "<group>";
		};
		EB7742021CD8B5C8007D83E9 /* Classes */ = {
			isa = PBXGroup;
			children = (
				EB7742111CD8CA41007D83E9 /* Other */,
				EB7742281CE07837007D83E9 /* Base */,
				EB7742031CD8B618007D83E9 /* Main */,
				EB7742351CE0A22D007D83E9 /* Launch */,
				EB7742331CE0A1EE007D83E9 /* Source */,
				EB7742241CE07585007D83E9 /* Commend(推荐) */,
				EB7742181CD8EC54007D83E9 /* Slid */,
				EB7742041CD8B636007D83E9 /* Lib */,
				EB77420C1CD8B96F007D83E9 /* New Group */,
			);
			path = Classes;
			sourceTree = "<group>";
		};
		EB7742031CD8B618007D83E9 /* Main */ = {
			isa = PBXGroup;
			children = (
				EB77420D1CD8B995007D83E9 /* View */,
				EB7742051CD8B688007D83E9 /* Controller */,
			);
			path = Main;
			sourceTree = "<group>";
		};
		EB7742041CD8B636007D83E9 /* Lib */ = {
			isa = PBXGroup;
			children = (
			);
			name = Lib;
			sourceTree = "<group>";
		};
		EB7742051CD8B688007D83E9 /* Controller */ = {
			isa = PBXGroup;
			children = (
				EBD7C2F91CD70C7A006F2016 /* Main.storyboard */,
				EB7742061CD8B6D6007D83E9 /* BLNavigationController.h */,
				EB7742071CD8B6D6007D83E9 /* BLNavigationController.m */,
				EB7742091CD8B702007D83E9 /* BLHomeViewController.h */,
				EB77420A1CD8B702007D83E9 /* BLHomeViewController.m */,
			);
			path = Controller;
			sourceTree = "<group>";
		};
		EB77420C1CD8B96F007D83E9 /* New Group */ = {
			isa = PBXGroup;
			children = (
			);
			name = "New Group";
			sourceTree = "<group>";
		};
		EB77420D1CD8B995007D83E9 /* View */ = {
			isa = PBXGroup;
			children = (
				EB7742151CD8CEE3007D83E9 /* BLTopView.h */,
				EB7742161CD8CEE3007D83E9 /* BLTopView.m */,
				EB7742211CE03937007D83E9 /* BLMainScrollView.h */,
				EB7742221CE03937007D83E9 /* BLMainScrollView.m */,
			);
			path = View;
			sourceTree = "<group>";
		};
		EB7742111CD8CA41007D83E9 /* Other */ = {
			isa = PBXGroup;
			children = (
				EB7742391CE0A27C007D83E9 /* main.m */,
				EB7742361CE0A268007D83E9 /* AppDelegate.h */,
				EB7742371CE0A268007D83E9 /* AppDelegate.m */,
				EB7742121CD8CAC8007D83E9 /* BLConst.h */,
				EB7742131CD8CAC8007D83E9 /* BLConst.m */,
			);
			path = Other;
			sourceTree = "<group>";
		};
		EB7742181CD8EC54007D83E9 /* Slid */ = {
			isa = PBXGroup;
			children = (
				EB7742191CD8EC86007D83E9 /* Controller */,
			);
			path = Slid;
			sourceTree = "<group>";
		};
		EB7742191CD8EC86007D83E9 /* Controller */ = {
			isa = PBXGroup;
			children = (
				EB77421A1CD8ED74007D83E9 /* BLSlidView.h */,
				EB77421B1CD8ED74007D83E9 /* BLSlidView.m */,
				EB77421D1CD8ED98007D83E9 /* BLSlidView.xib */,
			);
			path = Controller;
			sourceTree = "<group>";
		};
		EB7742241CE07585007D83E9 /* Commend(推荐) */ = {
			isa = PBXGroup;
			children = (
				EB7742271CE075C5007D83E9 /* Model */,
				EB7742261CE075B3007D83E9 /* View */,
				EB7742251CE075A1007D83E9 /* Controller */,
			);
			name = "Commend(推荐)";
			path = Commend;
			sourceTree = "<group>";
		};
		EB7742251CE075A1007D83E9 /* Controller */ = {
			isa = PBXGroup;
			children = (
				EB7742301CE084D5007D83E9 /* BLCommendViewController.h */,
				EB7742311CE084D5007D83E9 /* BLCommendViewController.m */,
			);
			path = Controller;
			sourceTree = "<group>";
		};
		EB7742261CE075B3007D83E9 /* View */ = {
			isa = PBXGroup;
			children = (
			);
			path = View;
			sourceTree = "<group>";
		};
		EB7742271CE075C5007D83E9 /* Model */ = {
			isa = PBXGroup;
			children = (
			);
			path = Model;
			sourceTree = "<group>";
		};
		EB7742281CE07837007D83E9 /* Base */ = {
			isa = PBXGroup;
			children = (
				EB77422C1CE07883007D83E9 /* Model */,
				EB77422B1CE07875007D83E9 /* View */,
				EB77422A1CE07862007D83E9 /* Controller */,
			);
			path = Base;
			sourceTree = "<group>";
		};
		EB77422A1CE07862007D83E9 /* Controller */ = {
			isa = PBXGroup;
			children = (
				EB77422D1CE078B5007D83E9 /* BLBaseViewController.h */,
				EB77422E1CE078B5007D83E9 /* BLBaseViewController.m */,
			);
			path = Controller;
			sourceTree = "<group>";
		};
		EB77422B1CE07875007D83E9 /* View */ = {
			isa = PBXGroup;
			children = (
			);
			path = View;
			sourceTree = "<group>";
		};
		EB77422C1CE07883007D83E9 /* Model */ = {
			isa = PBXGroup;
			children = (
			);
			path = Model;
			sourceTree = "<group>";
		};
		EB7742331CE0A1EE007D83E9 /* Source */ = {
			isa = PBXGroup;
			children = (
				EB77423B1CE0A2A3007D83E9 /* Assets.xcassets */,
				EB77423C1CE0A2A3007D83E9 /* Info.plist */,
				EB77423D1CE0A2A3007D83E9 /* Setting.plist */,
			);
			path = Source;
			sourceTree = "<group>";
		};
		EB7742351CE0A22D007D83E9 /* Launch */ = {
			isa = PBXGroup;
			children = (
				EBD7C2FE1CD70C7A006F2016 /* LaunchScreen.storyboard */,
			);
			path = Launch;
			sourceTree = "<group>";
		};
		EBD7C2E41CD70C7A006F2016 = {
			isa = PBXGroup;
			children = (
				EBD7C2EF1CD70C7A006F2016 /* LJKBILIBILI */,
				EBD7C3091CD70C7A006F2016 /* LJKBILIBILITests */,
				EBD7C3141CD70C7A006F2016 /* LJKBILIBILIUITests */,
				EBD7C2EE1CD70C7A006F2016 /* Products */,
				82D1CE6618EC51C9F4BD4526 /* Pods */,
				D502FA61AD9805B7422AEC38 /* Frameworks */,
			);
			sourceTree = "<group>";
		};
		EBD7C2EE1CD70C7A006F2016 /* Products */ = {
			isa = PBXGroup;
			children = (
				EBD7C2ED1CD70C7A006F2016 /* LJKBILIBILI.app */,
				EBD7C3061CD70C7A006F2016 /* LJKBILIBILITests.xctest */,
				EBD7C3111CD70C7A006F2016 /* LJKBILIBILIUITests.xctest */,
			);
			name = Products;
			sourceTree = "<group>";
		};
		EBD7C2EF1CD70C7A006F2016 /* LJKBILIBILI */ = {
			isa = PBXGroup;
			children = (
				EB7742021CD8B5C8007D83E9 /* Classes */,
				EBD7C2F01CD70C7A006F2016 /* Supporting Files */,
			);
			path = LJKBILIBILI;
			sourceTree = "<group>";
		};
		EBD7C2F01CD70C7A006F2016 /* Supporting Files */ = {
			isa = PBXGroup;
			children = (
			);
			name = "Supporting Files";
			sourceTree = "<group>";
		};
		EBD7C3091CD70C7A006F2016 /* LJKBILIBILITests */ = {
			isa = PBXGroup;
			children = (
				EBD7C30A1CD70C7A006F2016 /* LJKBILIBILITests.m */,
				EBD7C30C1CD70C7A006F2016 /* Info.plist */,
			);
			path = LJKBILIBILITests;
			sourceTree = "<group>";
		};
		EBD7C3141CD70C7A006F2016 /* LJKBILIBILIUITests */ = {
			isa = PBXGroup;
			children = (
				EBD7C3151CD70C7A006F2016 /* LJKBILIBILIUITests.m */,
				EBD7C3171CD70C7A006F2016 /* Info.plist */,
			);
			path = LJKBILIBILIUITests;
			sourceTree = "<group>";
		};
/* End PBXGroup section */

/* Begin PBXNativeTarget section */
		EBD7C2EC1CD70C7A006F2016 /* LJKBILIBILI */ = {
			isa = PBXNativeTarget;
			buildConfigurationList = EBD7C31A1CD70C7A006F2016 /* Build configuration list for PBXNativeTarget "LJKBILIBILI" */;
			buildPhases = (
				00960CB84AD30FAFADD880D1 /* Check Pods Manifest.lock */,
				EBD7C2E91CD70C7A006F2016 /* Sources */,
				EBD7C2EA1CD70C7A006F2016 /* Frameworks */,
				EBD7C2EB1CD70C7A006F2016 /* Resources */,
				8EE15A4DC1E6A807393D2580 /* Embed Pods Frameworks */,
				CAD2CDCE0A3D316B220F3EB3 /* Copy Pods Resources */,
			);
			buildRules = (
			);
			dependencies = (
			);
			name = LJKBILIBILI;
			productName = LJKBILIBILI;
			productReference = EBD7C2ED1CD70C7A006F2016 /* LJKBILIBILI.app */;
			productType = "com.apple.product-type.application";
		};
		EBD7C3051CD70C7A006F2016 /* LJKBILIBILITests */ = {
			isa = PBXNativeTarget;
			buildConfigurationList = EBD7C31D1CD70C7A006F2016 /* Build configuration list for PBXNativeTarget "LJKBILIBILITests" */;
			buildPhases = (
				EBD7C3021CD70C7A006F2016 /* Sources */,
				EBD7C3031CD70C7A006F2016 /* Frameworks */,
				EBD7C3041CD70C7A006F2016 /* Resources */,
			);
			buildRules = (
			);
			dependencies = (
				EBD7C3081CD70C7A006F2016 /* PBXTargetDependency */,
			);
			name = LJKBILIBILITests;
			productName = LJKBILIBILITests;
			productReference = EBD7C3061CD70C7A006F2016 /* LJKBILIBILITests.xctest */;
			productType = "com.apple.product-type.bundle.unit-test";
		};
		EBD7C3101CD70C7A006F2016 /* LJKBILIBILIUITests */ = {
			isa = PBXNativeTarget;
			buildConfigurationList = EBD7C3201CD70C7A006F2016 /* Build configuration list for PBXNativeTarget "LJKBILIBILIUITests" */;
			buildPhases = (
				EBD7C30D1CD70C7A006F2016 /* Sources */,
				EBD7C30E1CD70C7A006F2016 /* Frameworks */,
				EBD7C30F1CD70C7A006F2016 /* Resources */,
			);
			buildRules = (
			);
			dependencies = (
				EBD7C3131CD70C7A006F2016 /* PBXTargetDependency */,
			);
			name = LJKBILIBILIUITests;
			productName = LJKBILIBILIUITests;
			productReference = EBD7C3111CD70C7A006F2016 /* LJKBILIBILIUITests.xctest */;
			productType = "com.apple.product-type.bundle.ui-testing";
		};
/* End PBXNativeTarget section */

/* Begin PBXProject section */
		EBD7C2E51CD70C7A006F2016 /* Project object */ = {
			isa = PBXProject;
			attributes = {
				CLASSPREFIX = BL;
				LastUpgradeCheck = 0720;
				ORGANIZATIONNAME = LJK;
				TargetAttributes = {
					EBD7C2EC1CD70C7A006F2016 = {
						CreatedOnToolsVersion = 7.2;
					};
					EBD7C3051CD70C7A006F2016 = {
						CreatedOnToolsVersion = 7.2;
						TestTargetID = EBD7C2EC1CD70C7A006F2016;
					};
					EBD7C3101CD70C7A006F2016 = {
						CreatedOnToolsVersion = 7.2;
						TestTargetID = EBD7C2EC1CD70C7A006F2016;
					};
				};
			};
			buildConfigurationList = EBD7C2E81CD70C7A006F2016 /* Build configuration list for PBXProject "LJKBILIBILI" */;
			compatibilityVersion = "Xcode 3.2";
			developmentRegion = English;
			hasScannedForEncodings = 0;
			knownRegions = (
				en,
				Base,
			);
			mainGroup = EBD7C2E41CD70C7A006F2016;
			productRefGroup = EBD7C2EE1CD70C7A006F2016 /* Products */;
			projectDirPath = "";
			projectRoot = "";
			targets = (
				EBD7C2EC1CD70C7A006F2016 /* LJKBILIBILI */,
				EBD7C3051CD70C7A006F2016 /* LJKBILIBILITests */,
				EBD7C3101CD70C7A006F2016 /* LJKBILIBILIUITests */,
			);
		};
/* End PBXProject section */

/* Begin PBXResourcesBuildPhase section */
		EBD7C2EB1CD70C7A006F2016 /* Resources */ = {
			isa = PBXResourcesBuildPhase;
			buildActionMask = 2147483647;
			files = (
				EB77421E1CD8ED98007D83E9 /* BLSlidView.xib in Resources */,
				EBD7C3001CD70C7A006F2016 /* LaunchScreen.storyboard in Resources */,
				EB77423E1CE0A2A3007D83E9 /* Assets.xcassets in Resources */,
				EB77423F1CE0A2A3007D83E9 /* Info.plist in Resources */,
				EBD7C2FB1CD70C7A006F2016 /* Main.storyboard in Resources */,
				EB7742401CE0A2A3007D83E9 /* Setting.plist in Resources */,
			);
			runOnlyForDeploymentPostprocessing = 0;
		};
		EBD7C3041CD70C7A006F2016 /* Resources */ = {
			isa = PBXResourcesBuildPhase;
			buildActionMask = 2147483647;
			files = (
			);
			runOnlyForDeploymentPostprocessing = 0;
		};
		EBD7C30F1CD70C7A006F2016 /* Resources */ = {
			isa = PBXResourcesBuildPhase;
			buildActionMask = 2147483647;
			files = (
			);
			runOnlyForDeploymentPostprocessing = 0;
		};
/* End PBXResourcesBuildPhase section */

/* Begin PBXShellScriptBuildPhase section */
		00960CB84AD30FAFADD880D1 /* Check Pods Manifest.lock */ = {
			isa = PBXShellScriptBuildPhase;
			buildActionMask = 2147483647;
			files = (
			);
			inputPaths = (
			);
			name = "Check Pods Manifest.lock";
			outputPaths = (
			);
			runOnlyForDeploymentPostprocessing = 0;
			shellPath = /bin/sh;
			shellScript = "diff \"${PODS_ROOT}/../Podfile.lock\" \"${PODS_ROOT}/Manifest.lock\" > /dev/null\nif [[ $? != 0 ]] ; then\n    cat << EOM\nerror: The sandbox is not in sync with the Podfile.lock. Run 'pod install' or update your CocoaPods installation.\nEOM\n    exit 1\nfi\n";
			showEnvVarsInLog = 0;
		};
		8EE15A4DC1E6A807393D2580 /* Embed Pods Frameworks */ = {
			isa = PBXShellScriptBuildPhase;
			buildActionMask = 2147483647;
			files = (
			);
			inputPaths = (
			);
			name = "Embed Pods Frameworks";
			outputPaths = (
			);
			runOnlyForDeploymentPostprocessing = 0;
			shellPath = /bin/sh;
			shellScript = "\"${SRCROOT}/../Pods/Target Support Files/Pods/Pods-frameworks.sh\"\n";
			showEnvVarsInLog = 0;
		};
		CAD2CDCE0A3D316B220F3EB3 /* Copy Pods Resources */ = {
			isa = PBXShellScriptBuildPhase;
			buildActionMask = 2147483647;
			files = (
			);
			inputPaths = (
			);
			name = "Copy Pods Resources";
			outputPaths = (
			);
			runOnlyForDeploymentPostprocessing = 0;
			shellPath = /bin/sh;
			shellScript = "\"${SRCROOT}/../Pods/Target Support Files/Pods/Pods-resources.sh\"\n";
			showEnvVarsInLog = 0;
		};
/* End PBXShellScriptBuildPhase section */

/* Begin PBXSourcesBuildPhase section */
		EBD7C2E91CD70C7A006F2016 /* Sources */ = {
			isa = PBXSourcesBuildPhase;
			buildActionMask = 2147483647;
			files = (
				EB7742381CE0A268007D83E9 /* AppDelegate.m in Sources */,
				EB7742321CE084D5007D83E9 /* BLCommendViewController.m in Sources */,
				EB77422F1CE078B5007D83E9 /* BLBaseViewController.m in Sources */,
				EB7742171CD8CEE3007D83E9 /* BLTopView.m in Sources */,
				EB77420B1CD8B702007D83E9 /* BLHomeViewController.m in Sources */,
				EB7742081CD8B6D6007D83E9 /* BLNavigationController.m in Sources */,
				EB77421C1CD8ED74007D83E9 /* BLSlidView.m in Sources */,
				EB7742141CD8CAC8007D83E9 /* BLConst.m in Sources */,
				EB7742231CE03937007D83E9 /* BLMainScrollView.m in Sources */,
				EB77423A1CE0A27C007D83E9 /* main.m in Sources */,
			);
			runOnlyForDeploymentPostprocessing = 0;
		};
		EBD7C3021CD70C7A006F2016 /* Sources */ = {
			isa = PBXSourcesBuildPhase;
			buildActionMask = 2147483647;
			files = (
				EBD7C30B1CD70C7A006F2016 /* LJKBILIBILITests.m in Sources */,
			);
			runOnlyForDeploymentPostprocessing = 0;
		};
		EBD7C30D1CD70C7A006F2016 /* Sources */ = {
			isa = PBXSourcesBuildPhase;
			buildActionMask = 2147483647;
			files = (
				EBD7C3161CD70C7A006F2016 /* LJKBILIBILIUITests.m in Sources */,
			);
			runOnlyForDeploymentPostprocessing = 0;
		};
/* End PBXSourcesBuildPhase section */

/* Begin PBXTargetDependency section */
		EBD7C3081CD70C7A006F2016 /* PBXTargetDependency */ = {
			isa = PBXTargetDependency;
			target = EBD7C2EC1CD70C7A006F2016 /* LJKBILIBILI */;
			targetProxy = EBD7C3071CD70C7A006F2016 /* PBXContainerItemProxy */;
		};
		EBD7C3131CD70C7A006F2016 /* PBXTargetDependency */ = {
			isa = PBXTargetDependency;
			target = EBD7C2EC1CD70C7A006F2016 /* LJKBILIBILI */;
			targetProxy = EBD7C3121CD70C7A006F2016 /* PBXContainerItemProxy */;
		};
/* End PBXTargetDependency section */

/* Begin PBXVariantGroup section */
		EBD7C2F91CD70C7A006F2016 /* Main.storyboard */ = {
			isa = PBXVariantGroup;
			children = (
				EBD7C2FA1CD70C7A006F2016 /* Base */,
			);
			name = Main.storyboard;
			path = ../../..;
			sourceTree = "<group>";
		};
		EBD7C2FE1CD70C7A006F2016 /* LaunchScreen.storyboard */ = {
			isa = PBXVariantGroup;
			children = (
				EBD7C2FF1CD70C7A006F2016 /* Base */,
			);
			name = LaunchScreen.storyboard;
			path = ../..;
			sourceTree = "<group>";
		};
/* End PBXVariantGroup section */

/* Begin XCBuildConfiguration section */
		EBD7C3181CD70C7A006F2016 /* Debug */ = {
			isa = XCBuildConfiguration;
			buildSettings = {
				ALWAYS_SEARCH_USER_PATHS = NO;
				CLANG_CXX_LANGUAGE_STANDARD = "gnu++0x";
				CLANG_CXX_LIBRARY = "libc++";
				CLANG_ENABLE_MODULES = YES;
				CLANG_ENABLE_OBJC_ARC = YES;
				CLANG_WARN_BOOL_CONVERSION = YES;
				CLANG_WARN_CONSTANT_CONVERSION = YES;
				CLANG_WARN_DIRECT_OBJC_ISA_USAGE = YES_ERROR;
				CLANG_WARN_EMPTY_BODY = YES;
				CLANG_WARN_ENUM_CONVERSION = YES;
				CLANG_WARN_INT_CONVERSION = YES;
				CLANG_WARN_OBJC_ROOT_CLASS = YES_ERROR;
				CLANG_WARN_UNREACHABLE_CODE = YES;
				CLANG_WARN__DUPLICATE_METHOD_MATCH = YES;
				"CODE_SIGN_IDENTITY[sdk=iphoneos*]" = "iPhone Developer";
				COPY_PHASE_STRIP = NO;
				DEBUG_INFORMATION_FORMAT = dwarf;
				ENABLE_STRICT_OBJC_MSGSEND = YES;
				ENABLE_TESTABILITY = YES;
				GCC_C_LANGUAGE_STANDARD = gnu99;
				GCC_DYNAMIC_NO_PIC = NO;
				GCC_NO_COMMON_BLOCKS = YES;
				GCC_OPTIMIZATION_LEVEL = 0;
				GCC_PREPROCESSOR_DEFINITIONS = (
					"DEBUG=1",
					"$(inherited)",
				);
				GCC_WARN_64_TO_32_BIT_CONVERSION = YES;
				GCC_WARN_ABOUT_RETURN_TYPE = YES_ERROR;
				GCC_WARN_UNDECLARED_SELECTOR = YES;
				GCC_WARN_UNINITIALIZED_AUTOS = YES_AGGRESSIVE;
				GCC_WARN_UNUSED_FUNCTION = YES;
				GCC_WARN_UNUSED_VARIABLE = YES;
				IPHONEOS_DEPLOYMENT_TARGET = 9.2;
				MTL_ENABLE_DEBUG_INFO = YES;
				ONLY_ACTIVE_ARCH = YES;
				SDKROOT = iphoneos;
				TARGETED_DEVICE_FAMILY = "1,2";
			};
			name = Debug;
		};
		EBD7C3191CD70C7A006F2016 /* Release */ = {
			isa = XCBuildConfiguration;
			buildSettings = {
				ALWAYS_SEARCH_USER_PATHS = NO;
				CLANG_CXX_LANGUAGE_STANDARD = "gnu++0x";
				CLANG_CXX_LIBRARY = "libc++";
				CLANG_ENABLE_MODULES = YES;
				CLANG_ENABLE_OBJC_ARC = YES;
				CLANG_WARN_BOOL_CONVERSION = YES;
				CLANG_WARN_CONSTANT_CONVERSION = YES;
				CLANG_WARN_DIRECT_OBJC_ISA_USAGE = YES_ERROR;
				CLANG_WARN_EMPTY_BODY = YES;
				CLANG_WARN_ENUM_CONVERSION = YES;
				CLANG_WARN_INT_CONVERSION = YES;
				CLANG_WARN_OBJC_ROOT_CLASS = YES_ERROR;
				CLANG_WARN_UNREACHABLE_CODE = YES;
				CLANG_WARN__DUPLICATE_METHOD_MATCH = YES;
				"CODE_SIGN_IDENTITY[sdk=iphoneos*]" = "iPhone Developer";
				COPY_PHASE_STRIP = NO;
				DEBUG_INFORMATION_FORMAT = "dwarf-with-dsym";
				ENABLE_NS_ASSERTIONS = NO;
				ENABLE_STRICT_OBJC_MSGSEND = YES;
				GCC_C_LANGUAGE_STANDARD = gnu99;
				GCC_NO_COMMON_BLOCKS = YES;
				GCC_WARN_64_TO_32_BIT_CONVERSION = YES;
				GCC_WARN_ABOUT_RETURN_TYPE = YES_ERROR;
				GCC_WARN_UNDECLARED_SELECTOR = YES;
				GCC_WARN_UNINITIALIZED_AUTOS = YES_AGGRESSIVE;
				GCC_WARN_UNUSED_FUNCTION = YES;
				GCC_WARN_UNUSED_VARIABLE = YES;
				IPHONEOS_DEPLOYMENT_TARGET = 9.2;
				MTL_ENABLE_DEBUG_INFO = NO;
				SDKROOT = iphoneos;
				TARGETED_DEVICE_FAMILY = "1,2";
				VALIDATE_PRODUCT = YES;
			};
			name = Release;
		};
		EBD7C31B1CD70C7A006F2016 /* Debug */ = {
			isa = XCBuildConfiguration;
			baseConfigurationReference = AC28F008A4D1D594A03F4A42 /* Pods.debug.xcconfig */;
			buildSettings = {
				ASSETCATALOG_COMPILER_APPICON_NAME = AppIcon;
				INFOPLIST_FILE = "$(SRCROOT)/LJKBILIBILI/Classes/Source/Info.plist";
				LD_RUNPATH_SEARCH_PATHS = "$(inherited) @executable_path/Frameworks";
				PRODUCT_BUNDLE_IDENTIFIER = com.LJK.LJKBILIBILI;
				PRODUCT_NAME = "$(TARGET_NAME)";
			};
			name = Debug;
		};
		EBD7C31C1CD70C7A006F2016 /* Release */ = {
			isa = XCBuildConfiguration;
			baseConfigurationReference = 4936E3804F9914AEEC7F4E42 /* Pods.release.xcconfig */;
			buildSettings = {
				ASSETCATALOG_COMPILER_APPICON_NAME = AppIcon;
				INFOPLIST_FILE = "$(SRCROOT)/LJKBILIBILI/Classes/Source/Info.plist";
				LD_RUNPATH_SEARCH_PATHS = "$(inherited) @executable_path/Frameworks";
				PRODUCT_BUNDLE_IDENTIFIER = com.LJK.LJKBILIBILI;
				PRODUCT_NAME = "$(TARGET_NAME)";
			};
			name = Release;
		};
		EBD7C31E1CD70C7A006F2016 /* Debug */ = {
			isa = XCBuildConfiguration;
			buildSettings = {
				BUNDLE_LOADER = "$(TEST_HOST)";
				INFOPLIST_FILE = LJKBILIBILITests/Info.plist;
				LD_RUNPATH_SEARCH_PATHS = "$(inherited) @executable_path/Frameworks @loader_path/Frameworks";
				PRODUCT_BUNDLE_IDENTIFIER = com.LJK.LJKBILIBILITests;
				PRODUCT_NAME = "$(TARGET_NAME)";
				TEST_HOST = "$(BUILT_PRODUCTS_DIR)/LJKBILIBILI.app/LJKBILIBILI";
			};
			name = Debug;
		};
		EBD7C31F1CD70C7A006F2016 /* Release */ = {
			isa = XCBuildConfiguration;
			buildSettings = {
				BUNDLE_LOADER = "$(TEST_HOST)";
				INFOPLIST_FILE = LJKBILIBILITests/Info.plist;
				LD_RUNPATH_SEARCH_PATHS = "$(inherited) @executable_path/Frameworks @loader_path/Frameworks";
				PRODUCT_BUNDLE_IDENTIFIER = com.LJK.LJKBILIBILITests;
				PRODUCT_NAME = "$(TARGET_NAME)";
				TEST_HOST = "$(BUILT_PRODUCTS_DIR)/LJKBILIBILI.app/LJKBILIBILI";
			};
			name = Release;
		};
		EBD7C3211CD70C7A006F2016 /* Debug */ = {
			isa = XCBuildConfiguration;
			buildSettings = {
				INFOPLIST_FILE = LJKBILIBILIUITests/Info.plist;
				LD_RUNPATH_SEARCH_PATHS = "$(inherited) @executable_path/Frameworks @loader_path/Frameworks";
				PRODUCT_BUNDLE_IDENTIFIER = com.LJK.LJKBILIBILIUITests;
				PRODUCT_NAME = "$(TARGET_NAME)";
				TEST_TARGET_NAME = LJKBILIBILI;
				USES_XCTRUNNER = YES;
			};
			name = Debug;
		};
		EBD7C3221CD70C7A006F2016 /* Release */ = {
			isa = XCBuildConfiguration;
			buildSettings = {
				INFOPLIST_FILE = LJKBILIBILIUITests/Info.plist;
				LD_RUNPATH_SEARCH_PATHS = "$(inherited) @executable_path/Frameworks @loader_path/Frameworks";
				PRODUCT_BUNDLE_IDENTIFIER = com.LJK.LJKBILIBILIUITests;
				PRODUCT_NAME = "$(TARGET_NAME)";
				TEST_TARGET_NAME = LJKBILIBILI;
				USES_XCTRUNNER = YES;
			};
			name = Release;
		};
/* End XCBuildConfiguration section */

/* Begin XCConfigurationList section */
		EBD7C2E81CD70C7A006F2016 /* Build configuration list for PBXProject "LJKBILIBILI" */ = {
			isa = XCConfigurationList;
			buildConfigurations = (
				EBD7C3181CD70C7A006F2016 /* Debug */,
				EBD7C3191CD70C7A006F2016 /* Release */,
			);
			defaultConfigurationIsVisible = 0;
			defaultConfigurationName = Release;
		};
		EBD7C31A1CD70C7A006F2016 /* Build configuration list for PBXNativeTarget "LJKBILIBILI" */ = {
			isa = XCConfigurationList;
			buildConfigurations = (
				EBD7C31B1CD70C7A006F2016 /* Debug */,
				EBD7C31C1CD70C7A006F2016 /* Release */,
			);
			defaultConfigurationIsVisible = 0;
			defaultConfigurationName = Release;
		};
		EBD7C31D1CD70C7A006F2016 /* Build configuration list for PBXNativeTarget "LJKBILIBILITests" */ = {
			isa = XCConfigurationList;
			buildConfigurations = (
				EBD7C31E1CD70C7A006F2016 /* Debug */,
				EBD7C31F1CD70C7A006F2016 /* Release */,
			);
			defaultConfigurationIsVisible = 0;
			defaultConfigurationName = Release;
		};
		EBD7C3201CD70C7A006F2016 /* Build configuration list for PBXNativeTarget "LJKBILIBILIUITests" */ = {
			isa = XCConfigurationList;
			buildConfigurations = (
				EBD7C3211CD70C7A006F2016 /* Debug */,
				EBD7C3221CD70C7A006F2016 /* Release */,
			);
			defaultConfigurationIsVisible = 0;
			defaultConfigurationName = Release;
		};
/* End XCConfigurationList section */
	};
	rootObject = EBD7C2E51CD70C7A006F2016 /* Project object */;
}
