// !$*UTF8*$!
{
	archiveVersion = 1;
	classes = {
	};
	objectVersion = 46;
	objects = {

/* Begin PBXBuildFile section */
		135673EE604A869AB6A2B182 /* libPods.a in Frameworks */ = {isa = PBXBuildFile; fileRef = 35504959B463B0602D128A02 /* libPods.a */; };
		EB7742081CD8B6D6007D83E9 /* BLNavigationController.m in Sources */ = {isa = PBXBuildFile; fileRef = EB7742071CD8B6D6007D83E9 /* BLNavigationController.m */; };
		EB77420B1CD8B702007D83E9 /* BLHomeViewController.m in Sources */ = {isa = PBXBuildFile; fileRef = EB77420A1CD8B702007D83E9 /* BLHomeViewController.m */; };
		EB7742141CD8CAC8007D83E9 /* BLConst.m in Sources */ = {isa = PBXBuildFile; fileRef = EB7742131CD8CAC8007D83E9 /* BLConst.m */; };
		EB7742171CD8CEE3007D83E9 /* BLTopView.m in Sources */ = {isa = PBXBuildFile; fileRef = EB7742161CD8CEE3007D83E9 /* BLTopView.m */; };
		EB77421C1CD8ED74007D83E9 /* BLSlidView.m in Sources */ = {isa = PBXBuildFile; fileRef = EB77421B1CD8ED74007D83E9 /* BLSlidView.m */; };
		EB77421E1CD8ED98007D83E9 /* BLSlidView.xib in Resources */ = {isa = PBXBuildFile; fileRef = EB77421D1CD8ED98007D83E9 /* BLSlidView.xib */; };
		EB7742231CE03937007D83E9 /* BLMainScrollView.m in Sources */ = {isa = PBXBuildFile; fileRef = EB7742221CE03937007D83E9 /* BLMainScrollView.m */; };
		EB7742321CE084D5007D83E9 /* BLCommendViewController.m in Sources */ = {isa = PBXBuildFile; fileRef = EB7742311CE084D5007D83E9 /* BLCommendViewController.m */; };
		EB7742381CE0A268007D83E9 /* AppDelegate.m in Sources */ = {isa = PBXBuildFile; fileRef = EB7742371CE0A268007D83E9 /* AppDelegate.m */; };
		EB77423A1CE0A27C007D83E9 /* main.m in Sources */ = {isa = PBXBuildFile; fileRef = EB7742391CE0A27C007D83E9 /* main.m */; };
		EB77423E1CE0A2A3007D83E9 /* Assets.xcassets in Resources */ = {isa = PBXBuildFile; fileRef = EB77423B1CE0A2A3007D83E9 /* Assets.xcassets */; };
		EB77423F1CE0A2A3007D83E9 /* Info.plist in Resources */ = {isa = PBXBuildFile; fileRef = EB77423C1CE0A2A3007D83E9 /* Info.plist */; };
		EB7742401CE0A2A3007D83E9 /* Setting.plist in Resources */ = {isa = PBXBuildFile; fileRef = EB77423D1CE0A2A3007D83E9 /* Setting.plist */; };
		EB7742471CE1DAE4007D83E9 /* Foundation+Log.m in Sources */ = {isa = PBXBuildFile; fileRef = EB7742461CE1DAE4007D83E9 /* Foundation+Log.m */; };
		EB7742501CE2043B007D83E9 /* BLResultItem.m in Sources */ = {isa = PBXBuildFile; fileRef = EB77424F1CE2043B007D83E9 /* BLResultItem.m */; };
		EB7742531CE2049B007D83E9 /* BLResultItemHead.m in Sources */ = {isa = PBXBuildFile; fileRef = EB7742521CE2049B007D83E9 /* BLResultItemHead.m */; };
		EB7742C01CE33786007D83E9 /* UIView+Extension.m in Sources */ = {isa = PBXBuildFile; fileRef = EB7742BF1CE33786007D83E9 /* UIView+Extension.m */; };
		EB7742C31CE363F9007D83E9 /* BLCommendViewLayout.m in Sources */ = {isa = PBXBuildFile; fileRef = EB7742C21CE363F9007D83E9 /* BLCommendViewLayout.m */; };
		EB7742FD1CE5DC31007D83E9 /* BLHttpTool.m in Sources */ = {isa = PBXBuildFile; fileRef = EB7742FC1CE5DC31007D83E9 /* BLHttpTool.m */; };
		EB7743191CE5DC4B007D83E9 /* BLADModal.m in Sources */ = {isa = PBXBuildFile; fileRef = EB7743011CE5DC4B007D83E9 /* BLADModal.m */; };
		EB77431A1CE5DC4B007D83E9 /* BLBaseCellModel.m in Sources */ = {isa = PBXBuildFile; fileRef = EB7743031CE5DC4B007D83E9 /* BLBaseCellModel.m */; };
		EB77431B1CE5DC4B007D83E9 /* BLBaseCell.m in Sources */ = {isa = PBXBuildFile; fileRef = EB7743071CE5DC4B007D83E9 /* BLBaseCell.m */; };
		EB77431C1CE5DC4B007D83E9 /* BLBaseCell.xib in Resources */ = {isa = PBXBuildFile; fileRef = EB7743081CE5DC4B007D83E9 /* BLBaseCell.xib */; };
		EB77431D1CE5DC4B007D83E9 /* BLADCell.m in Sources */ = {isa = PBXBuildFile; fileRef = EB77430A1CE5DC4B007D83E9 /* BLADCell.m */; };
		EB77431E1CE5DC4B007D83E9 /* BLADCell.xib in Resources */ = {isa = PBXBuildFile; fileRef = EB77430B1CE5DC4B007D83E9 /* BLADCell.xib */; };
		EB77431F1CE5DC4B007D83E9 /* BLCellItem.m in Sources */ = {isa = PBXBuildFile; fileRef = EB77430D1CE5DC4B007D83E9 /* BLCellItem.m */; };
		EB7743201CE5DC4B007D83E9 /* BLCellItem.xib in Resources */ = {isa = PBXBuildFile; fileRef = EB77430E1CE5DC4B007D83E9 /* BLCellItem.xib */; };
		EB7743211CE5DC4B007D83E9 /* BLCellItem2.m in Sources */ = {isa = PBXBuildFile; fileRef = EB7743101CE5DC4B007D83E9 /* BLCellItem2.m */; };
		EB7743221CE5DC4B007D83E9 /* BLCellItem2.xib in Resources */ = {isa = PBXBuildFile; fileRef = EB7743111CE5DC4B007D83E9 /* BLCellItem2.xib */; };
		EB7743231CE5DC4B007D83E9 /* BLScrollCell.m in Sources */ = {isa = PBXBuildFile; fileRef = EB7743131CE5DC4B007D83E9 /* BLScrollCell.m */; };
		EB7743241CE5DC4B007D83E9 /* BLScrollCell.xib in Resources */ = {isa = PBXBuildFile; fileRef = EB7743141CE5DC4B007D83E9 /* BLScrollCell.xib */; };
		EB7743251CE5DC4B007D83E9 /* BLTopicCell.m in Sources */ = {isa = PBXBuildFile; fileRef = EB7743161CE5DC4B007D83E9 /* BLTopicCell.m */; };
		EB7743261CE5DC4B007D83E9 /* BLTopicCell.xib in Resources */ = {isa = PBXBuildFile; fileRef = EB7743171CE5DC4B007D83E9 /* BLTopicCell.xib */; };
		EB7743301CE5DC87007D83E9 /* BLBaseViewController.m in Sources */ = {isa = PBXBuildFile; fileRef = EB77432F1CE5DC87007D83E9 /* BLBaseViewController.m */; };
		EB7743351CE5FCEC007D83E9 /* BLOnePlayController.m in Sources */ = {isa = PBXBuildFile; fileRef = EB7743341CE5FCEC007D83E9 /* BLOnePlayController.m */; };
		EB7743371CE5FD69007D83E9 /* BLOnePlayController.storyboard in Resources */ = {isa = PBXBuildFile; fileRef = EB7743361CE5FD69007D83E9 /* BLOnePlayController.storyboard */; };
		EB7743511CE6180F007D83E9 /* BLPlayView.m in Sources */ = {isa = PBXBuildFile; fileRef = EB7743501CE6180F007D83E9 /* BLPlayView.m */; };
		EB7743541CE61951007D83E9 /* BLSynopsisController.m in Sources */ = {isa = PBXBuildFile; fileRef = EB7743531CE61951007D83E9 /* BLSynopsisController.m */; };
		EB7743571CE71376007D83E9 /* BLCommendModel.m in Sources */ = {isa = PBXBuildFile; fileRef = EB7743561CE71376007D83E9 /* BLCommendModel.m */; };
		EB77435A1CE71545007D83E9 /* BLPageModel.m in Sources */ = {isa = PBXBuildFile; fileRef = EB7743591CE71545007D83E9 /* BLPageModel.m */; };
		EB77435D1CE71753007D83E9 /* BLCommendCellModel.m in Sources */ = {isa = PBXBuildFile; fileRef = EB77435C1CE71753007D83E9 /* BLCommendCellModel.m */; };
		EB7743601CE7182A007D83E9 /* BLMemberModel.m in Sources */ = {isa = PBXBuildFile; fileRef = EB77435F1CE7182A007D83E9 /* BLMemberModel.m */; };
		EB7743631CE71845007D83E9 /* BLContentModel.m in Sources */ = {isa = PBXBuildFile; fileRef = EB7743621CE71845007D83E9 /* BLContentModel.m */; };
		EB7743671CE71A69007D83E9 /* BLDataTool.m in Sources */ = {isa = PBXBuildFile; fileRef = EB7743661CE71A69007D83E9 /* BLDataTool.m */; };
		EB7743691CE73DD0007D83E9 /* BLSynopsisController.xib in Resources */ = {isa = PBXBuildFile; fileRef = EB7743681CE73DD0007D83E9 /* BLSynopsisController.xib */; };
		EB77436C1CE9C964007D83E9 /* BLCommentController.m in Sources */ = {isa = PBXBuildFile; fileRef = EB77436B1CE9C964007D83E9 /* BLCommentController.m */; };
		EB7743711CEAB262007D83E9 /* BLCommentCell.m in Sources */ = {isa = PBXBuildFile; fileRef = EB77436F1CEAB262007D83E9 /* BLCommentCell.m */; };
		EB7743721CEAB262007D83E9 /* BLCommentCell.xib in Resources */ = {isa = PBXBuildFile; fileRef = EB7743701CEAB262007D83E9 /* BLCommentCell.xib */; };
		EB7743751CEB0E3D007D83E9 /* BLCommentHeader.m in Sources */ = {isa = PBXBuildFile; fileRef = EB7743741CEB0E3D007D83E9 /* BLCommentHeader.m */; };
		EB7743771CEB0E4F007D83E9 /* BLCommentHeader.xib in Resources */ = {isa = PBXBuildFile; fileRef = EB7743761CEB0E4F007D83E9 /* BLCommentHeader.xib */; };
		EB7744241CEC1011007D83E9 /* IJKMediaFramework.framework in Frameworks */ = {isa = PBXBuildFile; fileRef = EB7744231CEC1011007D83E9 /* IJKMediaFramework.framework */; };
		EB7744261CEC109C007D83E9 /* libz.tbd in Frameworks */ = {isa = PBXBuildFile; fileRef = EB7744251CEC109C007D83E9 /* libz.tbd */; };
		EB7744281CEC10A8007D83E9 /* libbz2.tbd in Frameworks */ = {isa = PBXBuildFile; fileRef = EB7744271CEC10A7007D83E9 /* libbz2.tbd */; };
		EB77442A1CEC10BF007D83E9 /* AudioToolbox.framework in Frameworks */ = {isa = PBXBuildFile; fileRef = EB7744291CEC10BF007D83E9 /* AudioToolbox.framework */; };
		EB77442C1CEC10CD007D83E9 /* AVFoundation.framework in Frameworks */ = {isa = PBXBuildFile; fileRef = EB77442B1CEC10CD007D83E9 /* AVFoundation.framework */; };
		EB77442E1CEC10E2007D83E9 /* CoreGraphics.framework in Frameworks */ = {isa = PBXBuildFile; fileRef = EB77442D1CEC10E2007D83E9 /* CoreGraphics.framework */; };
		EB7744301CEC10EF007D83E9 /* CoreMedia.framework in Frameworks */ = {isa = PBXBuildFile; fileRef = EB77442F1CEC10EF007D83E9 /* CoreMedia.framework */; };
		EB7744321CEC10FB007D83E9 /* CoreVideo.framework in Frameworks */ = {isa = PBXBuildFile; fileRef = EB7744311CEC10FB007D83E9 /* CoreVideo.framework */; };
		EB7744341CEC1106007D83E9 /* MediaPlayer.framework in Frameworks */ = {isa = PBXBuildFile; fileRef = EB7744331CEC1106007D83E9 /* MediaPlayer.framework */; };
		EB7744361CEC111B007D83E9 /* MobileCoreServices.framework in Frameworks */ = {isa = PBXBuildFile; fileRef = EB7744351CEC111B007D83E9 /* MobileCoreServices.framework */; };
		EB7744381CEC112C007D83E9 /* OpenGLES.framework in Frameworks */ = {isa = PBXBuildFile; fileRef = EB7744371CEC112C007D83E9 /* OpenGLES.framework */; };
		EB77443A1CEC113C007D83E9 /* QuartzCore.framework in Frameworks */ = {isa = PBXBuildFile; fileRef = EB7744391CEC113C007D83E9 /* QuartzCore.framework */; };
		EB77443C1CEC1148007D83E9 /* UIKit.framework in Frameworks */ = {isa = PBXBuildFile; fileRef = EB77443B1CEC1148007D83E9 /* UIKit.framework */; };
		EB77443E1CEC1156007D83E9 /* VideoToolbox.framework in Frameworks */ = {isa = PBXBuildFile; fileRef = EB77443D1CEC1156007D83E9 /* VideoToolbox.framework */; };
		EB7744401CEC1685007D83E9 /* BLPlayView.xib in Resources */ = {isa = PBXBuildFile; fileRef = EB77443F1CEC1685007D83E9 /* BLPlayView.xib */; };
		EB7744441CEC2DC5007D83E9 /* BLOnePlayController_new.m in Sources */ = {isa = PBXBuildFile; fileRef = EB7744421CEC2DC5007D83E9 /* BLOnePlayController_new.m */; };
		EB7744451CEC2DC5007D83E9 /* BLOnePlayController_new.xib in Resources */ = {isa = PBXBuildFile; fileRef = EB7744431CEC2DC5007D83E9 /* BLOnePlayController_new.xib */; };
		EB7744511CEC88D2007D83E9 /* PlayerView+Notification.m in Sources */ = {isa = PBXBuildFile; fileRef = EB7744481CEC88D2007D83E9 /* PlayerView+Notification.m */; };
		EB7744521CEC88D2007D83E9 /* PlayerViewControl.m in Sources */ = {isa = PBXBuildFile; fileRef = EB77444A1CEC88D2007D83E9 /* PlayerViewControl.m */; };
		EB7744531CEC88D2007D83E9 /* PlayerViewController.m in Sources */ = {isa = PBXBuildFile; fileRef = EB77444C1CEC88D2007D83E9 /* PlayerViewController.m */; };
		EB7744541CEC88D2007D83E9 /* PlayerViewRotate.m in Sources */ = {isa = PBXBuildFile; fileRef = EB77444E1CEC88D2007D83E9 /* PlayerViewRotate.m */; };
		EB7744571CF1D1C7007D83E9 /* PlayerViewControl.xib in Resources */ = {isa = PBXBuildFile; fileRef = EB7744561CF1D1C7007D83E9 /* PlayerViewControl.xib */; };
		EBD7C2FB1CD70C7A006F2016 /* Main.storyboard in Resources */ = {isa = PBXBuildFile; fileRef = EBD7C2F91CD70C7A006F2016 /* Main.storyboard */; };
		EBD7C3001CD70C7A006F2016 /* LaunchScreen.storyboard in Resources */ = {isa = PBXBuildFile; fileRef = EBD7C2FE1CD70C7A006F2016 /* LaunchScreen.storyboard */; };
		EBD7C30B1CD70C7A006F2016 /* LJKBILIBILITests.m in Sources */ = {isa = PBXBuildFile; fileRef = EBD7C30A1CD70C7A006F2016 /* LJKBILIBILITests.m */; };
		EBD7C3161CD70C7A006F2016 /* LJKBILIBILIUITests.m in Sources */ = {isa = PBXBuildFile; fileRef = EBD7C3151CD70C7A006F2016 /* LJKBILIBILIUITests.m */; };
		EBFEFBE81CF32248000CDEB0 /* DLLRUCache.m in Sources */ = {isa = PBXBuildFile; fileRef = EBFEFBA41CF32248000CDEB0 /* DLLRUCache.m */; };
		EBFEFBE91CF32248000CDEB0 /* DLCustomSlideView.m in Sources */ = {isa = PBXBuildFile; fileRef = EBFEFBA61CF32248000CDEB0 /* DLCustomSlideView.m */; };
		EBFEFBEA1CF32248000CDEB0 /* DLSlideView.m in Sources */ = {isa = PBXBuildFile; fileRef = EBFEFBA81CF32248000CDEB0 /* DLSlideView.m */; };
		EBFEFBEB1CF32248000CDEB0 /* DLFixedTabbarView.m in Sources */ = {isa = PBXBuildFile; fileRef = EBFEFBAB1CF32248000CDEB0 /* DLFixedTabbarView.m */; };
		EBFEFBEC1CF32248000CDEB0 /* DLScrollTabbarView.m in Sources */ = {isa = PBXBuildFile; fileRef = EBFEFBAD1CF32248000CDEB0 /* DLScrollTabbarView.m */; };
		EBFEFBED1CF32248000CDEB0 /* DLTabedSlideView.m in Sources */ = {isa = PBXBuildFile; fileRef = EBFEFBB01CF32248000CDEB0 /* DLTabedSlideView.m */; };
		EBFEFBEE1CF32248000CDEB0 /* MJConst.m in Sources */ = {isa = PBXBuildFile; fileRef = EBFEFBB31CF32248000CDEB0 /* MJConst.m */; };
		EBFEFBEF1CF32248000CDEB0 /* MJFoundation.m in Sources */ = {isa = PBXBuildFile; fileRef = EBFEFBB61CF32248000CDEB0 /* MJFoundation.m */; };
		EBFEFBF01CF32248000CDEB0 /* MJIvar.m in Sources */ = {isa = PBXBuildFile; fileRef = EBFEFBB81CF32248000CDEB0 /* MJIvar.m */; };
		EBFEFBF11CF32248000CDEB0 /* MJType.m in Sources */ = {isa = PBXBuildFile; fileRef = EBFEFBBA1CF32248000CDEB0 /* MJType.m */; };
		EBFEFBF21CF32248000CDEB0 /* NSObject+MJCoding.m in Sources */ = {isa = PBXBuildFile; fileRef = EBFEFBBC1CF32248000CDEB0 /* NSObject+MJCoding.m */; };
		EBFEFBF31CF32248000CDEB0 /* NSObject+MJIvar.m in Sources */ = {isa = PBXBuildFile; fileRef = EBFEFBBE1CF32248000CDEB0 /* NSObject+MJIvar.m */; };
		EBFEFBF41CF32248000CDEB0 /* NSObject+MJKeyValue.m in Sources */ = {isa = PBXBuildFile; fileRef = EBFEFBC01CF32248000CDEB0 /* NSObject+MJKeyValue.m */; };
		EBFEFBF51CF32248000CDEB0 /* MKAnnotationView+WebCache.m in Sources */ = {isa = PBXBuildFile; fileRef = EBFEFBC31CF32248000CDEB0 /* MKAnnotationView+WebCache.m */; };
		EBFEFBF61CF32248000CDEB0 /* NSData+ImageContentType.m in Sources */ = {isa = PBXBuildFile; fileRef = EBFEFBC51CF32248000CDEB0 /* NSData+ImageContentType.m */; };
		EBFEFBF71CF32248000CDEB0 /* SDImageCache.m in Sources */ = {isa = PBXBuildFile; fileRef = EBFEFBC71CF32248000CDEB0 /* SDImageCache.m */; };
		EBFEFBF81CF32248000CDEB0 /* SDWebImageCompat.m in Sources */ = {isa = PBXBuildFile; fileRef = EBFEFBC91CF32248000CDEB0 /* SDWebImageCompat.m */; };
		EBFEFBF91CF32248000CDEB0 /* SDWebImageDecoder.m in Sources */ = {isa = PBXBuildFile; fileRef = EBFEFBCB1CF32248000CDEB0 /* SDWebImageDecoder.m */; };
		EBFEFBFA1CF32248000CDEB0 /* SDWebImageDownloader.m in Sources */ = {isa = PBXBuildFile; fileRef = EBFEFBCD1CF32248000CDEB0 /* SDWebImageDownloader.m */; };
		EBFEFBFB1CF32248000CDEB0 /* SDWebImageDownloaderOperation.m in Sources */ = {isa = PBXBuildFile; fileRef = EBFEFBCF1CF32248000CDEB0 /* SDWebImageDownloaderOperation.m */; };
		EBFEFBFC1CF32248000CDEB0 /* SDWebImageManager.m in Sources */ = {isa = PBXBuildFile; fileRef = EBFEFBD11CF32248000CDEB0 /* SDWebImageManager.m */; };
		EBFEFBFD1CF32248000CDEB0 /* SDWebImagePrefetcher.m in Sources */ = {isa = PBXBuildFile; fileRef = EBFEFBD41CF32248000CDEB0 /* SDWebImagePrefetcher.m */; };
		EBFEFBFE1CF32248000CDEB0 /* UIButton+WebCache.m in Sources */ = {isa = PBXBuildFile; fileRef = EBFEFBD61CF32248000CDEB0 /* UIButton+WebCache.m */; };
		EBFEFBFF1CF32248000CDEB0 /* UIImage+GIF.m in Sources */ = {isa = PBXBuildFile; fileRef = EBFEFBD81CF32248000CDEB0 /* UIImage+GIF.m */; };
		EBFEFC001CF32248000CDEB0 /* UIImage+MultiFormat.m in Sources */ = {isa = PBXBuildFile; fileRef = EBFEFBDA1CF32248000CDEB0 /* UIImage+MultiFormat.m */; };
		EBFEFC011CF32248000CDEB0 /* UIImage+WebP.m in Sources */ = {isa = PBXBuildFile; fileRef = EBFEFBDC1CF32248000CDEB0 /* UIImage+WebP.m */; };
		EBFEFC021CF32248000CDEB0 /* UIImageView+HighlightedWebCache.m in Sources */ = {isa = PBXBuildFile; fileRef = EBFEFBDE1CF32248000CDEB0 /* UIImageView+HighlightedWebCache.m */; };
		EBFEFC031CF32248000CDEB0 /* UIImageView+WebCache.m in Sources */ = {isa = PBXBuildFile; fileRef = EBFEFBE01CF32248000CDEB0 /* UIImageView+WebCache.m */; };
		EBFEFC041CF32248000CDEB0 /* UIView+WebCacheOperation.m in Sources */ = {isa = PBXBuildFile; fileRef = EBFEFBE21CF32248000CDEB0 /* UIView+WebCacheOperation.m */; };
		EBFEFC051CF32248000CDEB0 /* YiRefreshFooter.m in Sources */ = {isa = PBXBuildFile; fileRef = EBFEFBE51CF32248000CDEB0 /* YiRefreshFooter.m */; };
		EBFEFC061CF32248000CDEB0 /* YiRefreshHeader.m in Sources */ = {isa = PBXBuildFile; fileRef = EBFEFBE71CF32248000CDEB0 /* YiRefreshHeader.m */; };
/* End PBXBuildFile section */

/* Begin PBXContainerItemProxy section */
		EBD7C3071CD70C7A006F2016 /* PBXContainerItemProxy */ = {
			isa = PBXContainerItemProxy;
			containerPortal = EBD7C2E51CD70C7A006F2016 /* Project object */;
			proxyType = 1;
			remoteGlobalIDString = EBD7C2EC1CD70C7A006F2016;
			remoteInfo = LJKBILIBILI;
		};
		EBD7C3121CD70C7A006F2016 /* PBXContainerItemProxy */ = {
			isa = PBXContainerItemProxy;
			containerPortal = EBD7C2E51CD70C7A006F2016 /* Project object */;
			proxyType = 1;
			remoteGlobalIDString = EBD7C2EC1CD70C7A006F2016;
			remoteInfo = LJKBILIBILI;
		};
/* End PBXContainerItemProxy section */

/* Begin PBXFileReference section */
		35504959B463B0602D128A02 /* libPods.a */ = {isa = PBXFileReference; explicitFileType = archive.ar; includeInIndex = 0; path = libPods.a; sourceTree = BUILT_PRODUCTS_DIR; };
		4936E3804F9914AEEC7F4E42 /* Pods.release.xcconfig */ = {isa = PBXFileReference; includeInIndex = 1; lastKnownFileType = text.xcconfig; name = Pods.release.xcconfig; path = "../Pods/Target Support Files/Pods/Pods.release.xcconfig"; sourceTree = "<group>"; };
		AC28F008A4D1D594A03F4A42 /* Pods.debug.xcconfig */ = {isa = PBXFileReference; includeInIndex = 1; lastKnownFileType = text.xcconfig; name = Pods.debug.xcconfig; path = "../Pods/Target Support Files/Pods/Pods.debug.xcconfig"; sourceTree = "<group>"; };
		EB7742061CD8B6D6007D83E9 /* BLNavigationController.h */ = {isa = PBXFileReference; fileEncoding = 4; lastKnownFileType = sourcecode.c.h; path = BLNavigationController.h; sourceTree = "<group>"; };
		EB7742071CD8B6D6007D83E9 /* BLNavigationController.m */ = {isa = PBXFileReference; fileEncoding = 4; lastKnownFileType = sourcecode.c.objc; path = BLNavigationController.m; sourceTree = "<group>"; };
		EB7742091CD8B702007D83E9 /* BLHomeViewController.h */ = {isa = PBXFileReference; fileEncoding = 4; lastKnownFileType = sourcecode.c.h; path = BLHomeViewController.h; sourceTree = "<group>"; };
		EB77420A1CD8B702007D83E9 /* BLHomeViewController.m */ = {isa = PBXFileReference; fileEncoding = 4; lastKnownFileType = sourcecode.c.objc; path = BLHomeViewController.m; sourceTree = "<group>"; };
		EB7742121CD8CAC8007D83E9 /* BLConst.h */ = {isa = PBXFileReference; fileEncoding = 4; lastKnownFileType = sourcecode.c.h; path = BLConst.h; sourceTree = "<group>"; };
		EB7742131CD8CAC8007D83E9 /* BLConst.m */ = {isa = PBXFileReference; fileEncoding = 4; lastKnownFileType = sourcecode.c.objc; path = BLConst.m; sourceTree = "<group>"; };
		EB7742151CD8CEE3007D83E9 /* BLTopView.h */ = {isa = PBXFileReference; fileEncoding = 4; lastKnownFileType = sourcecode.c.h; path = BLTopView.h; sourceTree = "<group>"; };
		EB7742161CD8CEE3007D83E9 /* BLTopView.m */ = {isa = PBXFileReference; fileEncoding = 4; lastKnownFileType = sourcecode.c.objc; path = BLTopView.m; sourceTree = "<group>"; };
		EB77421A1CD8ED74007D83E9 /* BLSlidView.h */ = {isa = PBXFileReference; fileEncoding = 4; lastKnownFileType = sourcecode.c.h; path = BLSlidView.h; sourceTree = "<group>"; };
		EB77421B1CD8ED74007D83E9 /* BLSlidView.m */ = {isa = PBXFileReference; fileEncoding = 4; lastKnownFileType = sourcecode.c.objc; path = BLSlidView.m; sourceTree = "<group>"; };
		EB77421D1CD8ED98007D83E9 /* BLSlidView.xib */ = {isa = PBXFileReference; fileEncoding = 4; lastKnownFileType = file.xib; path = BLSlidView.xib; sourceTree = "<group>"; };
		EB7742211CE03937007D83E9 /* BLMainScrollView.h */ = {isa = PBXFileReference; fileEncoding = 4; lastKnownFileType = sourcecode.c.h; path = BLMainScrollView.h; sourceTree = "<group>"; };
		EB7742221CE03937007D83E9 /* BLMainScrollView.m */ = {isa = PBXFileReference; fileEncoding = 4; lastKnownFileType = sourcecode.c.objc; path = BLMainScrollView.m; sourceTree = "<group>"; };
		EB7742301CE084D5007D83E9 /* BLCommendViewController.h */ = {isa = PBXFileReference; fileEncoding = 4; lastKnownFileType = sourcecode.c.h; path = BLCommendViewController.h; sourceTree = "<group>"; };
		EB7742311CE084D5007D83E9 /* BLCommendViewController.m */ = {isa = PBXFileReference; fileEncoding = 4; lastKnownFileType = sourcecode.c.objc; path = BLCommendViewController.m; sourceTree = "<group>"; };
		EB7742361CE0A268007D83E9 /* AppDelegate.h */ = {isa = PBXFileReference; fileEncoding = 4; lastKnownFileType = sourcecode.c.h; path = AppDelegate.h; sourceTree = "<group>"; };
		EB7742371CE0A268007D83E9 /* AppDelegate.m */ = {isa = PBXFileReference; fileEncoding = 4; lastKnownFileType = sourcecode.c.objc; path = AppDelegate.m; sourceTree = "<group>"; };
		EB7742391CE0A27C007D83E9 /* main.m */ = {isa = PBXFileReference; fileEncoding = 4; lastKnownFileType = sourcecode.c.objc; path = main.m; sourceTree = "<group>"; };
		EB77423B1CE0A2A3007D83E9 /* Assets.xcassets */ = {isa = PBXFileReference; lastKnownFileType = folder.assetcatalog; path = Assets.xcassets; sourceTree = "<group>"; };
		EB77423C1CE0A2A3007D83E9 /* Info.plist */ = {isa = PBXFileReference; fileEncoding = 4; lastKnownFileType = text.plist.xml; path = Info.plist; sourceTree = "<group>"; };
		EB77423D1CE0A2A3007D83E9 /* Setting.plist */ = {isa = PBXFileReference; fileEncoding = 4; lastKnownFileType = text.plist.xml; path = Setting.plist; sourceTree = "<group>"; };
		EB7742461CE1DAE4007D83E9 /* Foundation+Log.m */ = {isa = PBXFileReference; fileEncoding = 4; lastKnownFileType = sourcecode.c.objc; path = "Foundation+Log.m"; sourceTree = "<group>"; };
		EB77424E1CE2043B007D83E9 /* BLResultItem.h */ = {isa = PBXFileReference; fileEncoding = 4; lastKnownFileType = sourcecode.c.h; path = BLResultItem.h; sourceTree = "<group>"; };
		EB77424F1CE2043B007D83E9 /* BLResultItem.m */ = {isa = PBXFileReference; fileEncoding = 4; lastKnownFileType = sourcecode.c.objc; path = BLResultItem.m; sourceTree = "<group>"; };
		EB7742511CE2049B007D83E9 /* BLResultItemHead.h */ = {isa = PBXFileReference; fileEncoding = 4; lastKnownFileType = sourcecode.c.h; path = BLResultItemHead.h; sourceTree = "<group>"; };
		EB7742521CE2049B007D83E9 /* BLResultItemHead.m */ = {isa = PBXFileReference; fileEncoding = 4; lastKnownFileType = sourcecode.c.objc; path = BLResultItemHead.m; sourceTree = "<group>"; };
		EB7742BE1CE33786007D83E9 /* UIView+Extension.h */ = {isa = PBXFileReference; fileEncoding = 4; lastKnownFileType = sourcecode.c.h; path = "UIView+Extension.h"; sourceTree = "<group>"; };
		EB7742BF1CE33786007D83E9 /* UIView+Extension.m */ = {isa = PBXFileReference; fileEncoding = 4; lastKnownFileType = sourcecode.c.objc; path = "UIView+Extension.m"; sourceTree = "<group>"; };
		EB7742C11CE363F9007D83E9 /* BLCommendViewLayout.h */ = {isa = PBXFileReference; fileEncoding = 4; lastKnownFileType = sourcecode.c.h; path = BLCommendViewLayout.h; sourceTree = "<group>"; };
		EB7742C21CE363F9007D83E9 /* BLCommendViewLayout.m */ = {isa = PBXFileReference; fileEncoding = 4; lastKnownFileType = sourcecode.c.objc; path = BLCommendViewLayout.m; sourceTree = "<group>"; };
		EB7742FB1CE5DC31007D83E9 /* BLHttpTool.h */ = {isa = PBXFileReference; fileEncoding = 4; lastKnownFileType = sourcecode.c.h; path = BLHttpTool.h; sourceTree = "<group>"; };
		EB7742FC1CE5DC31007D83E9 /* BLHttpTool.m */ = {isa = PBXFileReference; fileEncoding = 4; lastKnownFileType = sourcecode.c.objc; path = BLHttpTool.m; sourceTree = "<group>"; };
		EB7743001CE5DC4B007D83E9 /* BLADModal.h */ = {isa = PBXFileReference; fileEncoding = 4; lastKnownFileType = sourcecode.c.h; path = BLADModal.h; sourceTree = "<group>"; };
		EB7743011CE5DC4B007D83E9 /* BLADModal.m */ = {isa = PBXFileReference; fileEncoding = 4; lastKnownFileType = sourcecode.c.objc; path = BLADModal.m; sourceTree = "<group>"; };
		EB7743021CE5DC4B007D83E9 /* BLBaseCellModel.h */ = {isa = PBXFileReference; fileEncoding = 4; lastKnownFileType = sourcecode.c.h; path = BLBaseCellModel.h; sourceTree = "<group>"; };
		EB7743031CE5DC4B007D83E9 /* BLBaseCellModel.m */ = {isa = PBXFileReference; fileEncoding = 4; lastKnownFileType = sourcecode.c.objc; path = BLBaseCellModel.m; sourceTree = "<group>"; };
		EB7743061CE5DC4B007D83E9 /* BLBaseCell.h */ = {isa = PBXFileReference; fileEncoding = 4; lastKnownFileType = sourcecode.c.h; path = BLBaseCell.h; sourceTree = "<group>"; };
		EB7743071CE5DC4B007D83E9 /* BLBaseCell.m */ = {isa = PBXFileReference; fileEncoding = 4; lastKnownFileType = sourcecode.c.objc; path = BLBaseCell.m; sourceTree = "<group>"; };
		EB7743081CE5DC4B007D83E9 /* BLBaseCell.xib */ = {isa = PBXFileReference; fileEncoding = 4; lastKnownFileType = file.xib; path = BLBaseCell.xib; sourceTree = "<group>"; };
		EB7743091CE5DC4B007D83E9 /* BLADCell.h */ = {isa = PBXFileReference; fileEncoding = 4; lastKnownFileType = sourcecode.c.h; path = BLADCell.h; sourceTree = "<group>"; };
		EB77430A1CE5DC4B007D83E9 /* BLADCell.m */ = {isa = PBXFileReference; fileEncoding = 4; lastKnownFileType = sourcecode.c.objc; path = BLADCell.m; sourceTree = "<group>"; };
		EB77430B1CE5DC4B007D83E9 /* BLADCell.xib */ = {isa = PBXFileReference; fileEncoding = 4; lastKnownFileType = file.xib; path = BLADCell.xib; sourceTree = "<group>"; };
		EB77430C1CE5DC4B007D83E9 /* BLCellItem.h */ = {isa = PBXFileReference; fileEncoding = 4; lastKnownFileType = sourcecode.c.h; path = BLCellItem.h; sourceTree = "<group>"; };
		EB77430D1CE5DC4B007D83E9 /* BLCellItem.m */ = {isa = PBXFileReference; fileEncoding = 4; lastKnownFileType = sourcecode.c.objc; path = BLCellItem.m; sourceTree = "<group>"; };
		EB77430E1CE5DC4B007D83E9 /* BLCellItem.xib */ = {isa = PBXFileReference; fileEncoding = 4; lastKnownFileType = file.xib; path = BLCellItem.xib; sourceTree = "<group>"; };
		EB77430F1CE5DC4B007D83E9 /* BLCellItem2.h */ = {isa = PBXFileReference; fileEncoding = 4; lastKnownFileType = sourcecode.c.h; path = BLCellItem2.h; sourceTree = "<group>"; };
		EB7743101CE5DC4B007D83E9 /* BLCellItem2.m */ = {isa = PBXFileReference; fileEncoding = 4; lastKnownFileType = sourcecode.c.objc; path = BLCellItem2.m; sourceTree = "<group>"; };
		EB7743111CE5DC4B007D83E9 /* BLCellItem2.xib */ = {isa = PBXFileReference; fileEncoding = 4; lastKnownFileType = file.xib; path = BLCellItem2.xib; sourceTree = "<group>"; };
		EB7743121CE5DC4B007D83E9 /* BLScrollCell.h */ = {isa = PBXFileReference; fileEncoding = 4; lastKnownFileType = sourcecode.c.h; path = BLScrollCell.h; sourceTree = "<group>"; };
		EB7743131CE5DC4B007D83E9 /* BLScrollCell.m */ = {isa = PBXFileReference; fileEncoding = 4; lastKnownFileType = sourcecode.c.objc; path = BLScrollCell.m; sourceTree = "<group>"; };
		EB7743141CE5DC4B007D83E9 /* BLScrollCell.xib */ = {isa = PBXFileReference; fileEncoding = 4; lastKnownFileType = file.xib; path = BLScrollCell.xib; sourceTree = "<group>"; };
		EB7743151CE5DC4B007D83E9 /* BLTopicCell.h */ = {isa = PBXFileReference; fileEncoding = 4; lastKnownFileType = sourcecode.c.h; path = BLTopicCell.h; sourceTree = "<group>"; };
		EB7743161CE5DC4B007D83E9 /* BLTopicCell.m */ = {isa = PBXFileReference; fileEncoding = 4; lastKnownFileType = sourcecode.c.objc; path = BLTopicCell.m; sourceTree = "<group>"; };
		EB7743171CE5DC4B007D83E9 /* BLTopicCell.xib */ = {isa = PBXFileReference; fileEncoding = 4; lastKnownFileType = file.xib; path = BLTopicCell.xib; sourceTree = "<group>"; };
		EB77432E1CE5DC87007D83E9 /* BLBaseViewController.h */ = {isa = PBXFileReference; fileEncoding = 4; lastKnownFileType = sourcecode.c.h; path = BLBaseViewController.h; sourceTree = "<group>"; };
		EB77432F1CE5DC87007D83E9 /* BLBaseViewController.m */ = {isa = PBXFileReference; fileEncoding = 4; lastKnownFileType = sourcecode.c.objc; path = BLBaseViewController.m; sourceTree = "<group>"; };
		EB7743331CE5FCEC007D83E9 /* BLOnePlayController.h */ = {isa = PBXFileReference; fileEncoding = 4; lastKnownFileType = sourcecode.c.h; path = BLOnePlayController.h; sourceTree = "<group>"; };
		EB7743341CE5FCEC007D83E9 /* BLOnePlayController.m */ = {isa = PBXFileReference; fileEncoding = 4; lastKnownFileType = sourcecode.c.objc; path = BLOnePlayController.m; sourceTree = "<group>"; };
		EB7743361CE5FD69007D83E9 /* BLOnePlayController.storyboard */ = {isa = PBXFileReference; fileEncoding = 4; lastKnownFileType = file.storyboard; path = BLOnePlayController.storyboard; sourceTree = "<group>"; };
		EB77434F1CE6180F007D83E9 /* BLPlayView.h */ = {isa = PBXFileReference; fileEncoding = 4; lastKnownFileType = sourcecode.c.h; path = BLPlayView.h; sourceTree = "<group>"; };
		EB7743501CE6180F007D83E9 /* BLPlayView.m */ = {isa = PBXFileReference; fileEncoding = 4; lastKnownFileType = sourcecode.c.objc; path = BLPlayView.m; sourceTree = "<group>"; };
		EB7743521CE61951007D83E9 /* BLSynopsisController.h */ = {isa = PBXFileReference; fileEncoding = 4; lastKnownFileType = sourcecode.c.h; path = BLSynopsisController.h; sourceTree = "<group>"; };
		EB7743531CE61951007D83E9 /* BLSynopsisController.m */ = {isa = PBXFileReference; fileEncoding = 4; lastKnownFileType = sourcecode.c.objc; path = BLSynopsisController.m; sourceTree = "<group>"; };
		EB7743551CE71376007D83E9 /* BLCommendModel.h */ = {isa = PBXFileReference; fileEncoding = 4; lastKnownFileType = sourcecode.c.h; path = BLCommendModel.h; sourceTree = "<group>"; };
		EB7743561CE71376007D83E9 /* BLCommendModel.m */ = {isa = PBXFileReference; fileEncoding = 4; lastKnownFileType = sourcecode.c.objc; path = BLCommendModel.m; sourceTree = "<group>"; };
		EB7743581CE71545007D83E9 /* BLPageModel.h */ = {isa = PBXFileReference; fileEncoding = 4; lastKnownFileType = sourcecode.c.h; path = BLPageModel.h; sourceTree = "<group>"; };
		EB7743591CE71545007D83E9 /* BLPageModel.m */ = {isa = PBXFileReference; fileEncoding = 4; lastKnownFileType = sourcecode.c.objc; path = BLPageModel.m; sourceTree = "<group>"; };
		EB77435B1CE71753007D83E9 /* BLCommendCellModel.h */ = {isa = PBXFileReference; fileEncoding = 4; lastKnownFileType = sourcecode.c.h; path = BLCommendCellModel.h; sourceTree = "<group>"; };
		EB77435C1CE71753007D83E9 /* BLCommendCellModel.m */ = {isa = PBXFileReference; fileEncoding = 4; lastKnownFileType = sourcecode.c.objc; path = BLCommendCellModel.m; sourceTree = "<group>"; };
		EB77435E1CE7182A007D83E9 /* BLMemberModel.h */ = {isa = PBXFileReference; fileEncoding = 4; lastKnownFileType = sourcecode.c.h; path = BLMemberModel.h; sourceTree = "<group>"; };
		EB77435F1CE7182A007D83E9 /* BLMemberModel.m */ = {isa = PBXFileReference; fileEncoding = 4; lastKnownFileType = sourcecode.c.objc; path = BLMemberModel.m; sourceTree = "<group>"; };
		EB7743611CE71845007D83E9 /* BLContentModel.h */ = {isa = PBXFileReference; fileEncoding = 4; lastKnownFileType = sourcecode.c.h; path = BLContentModel.h; sourceTree = "<group>"; };
		EB7743621CE71845007D83E9 /* BLContentModel.m */ = {isa = PBXFileReference; fileEncoding = 4; lastKnownFileType = sourcecode.c.objc; path = BLContentModel.m; sourceTree = "<group>"; };
		EB7743651CE71A69007D83E9 /* BLDataTool.h */ = {isa = PBXFileReference; fileEncoding = 4; lastKnownFileType = sourcecode.c.h; path = BLDataTool.h; sourceTree = "<group>"; };
		EB7743661CE71A69007D83E9 /* BLDataTool.m */ = {isa = PBXFileReference; fileEncoding = 4; lastKnownFileType = sourcecode.c.objc; path = BLDataTool.m; sourceTree = "<group>"; };
		EB7743681CE73DD0007D83E9 /* BLSynopsisController.xib */ = {isa = PBXFileReference; fileEncoding = 4; lastKnownFileType = file.xib; path = BLSynopsisController.xib; sourceTree = "<group>"; };
		EB77436A1CE9C964007D83E9 /* BLCommentController.h */ = {isa = PBXFileReference; fileEncoding = 4; lastKnownFileType = sourcecode.c.h; path = BLCommentController.h; sourceTree = "<group>"; };
		EB77436B1CE9C964007D83E9 /* BLCommentController.m */ = {isa = PBXFileReference; fileEncoding = 4; lastKnownFileType = sourcecode.c.objc; path = BLCommentController.m; sourceTree = "<group>"; };
		EB77436E1CEAB262007D83E9 /* BLCommentCell.h */ = {isa = PBXFileReference; fileEncoding = 4; lastKnownFileType = sourcecode.c.h; path = BLCommentCell.h; sourceTree = "<group>"; };
		EB77436F1CEAB262007D83E9 /* BLCommentCell.m */ = {isa = PBXFileReference; fileEncoding = 4; lastKnownFileType = sourcecode.c.objc; path = BLCommentCell.m; sourceTree = "<group>"; };
		EB7743701CEAB262007D83E9 /* BLCommentCell.xib */ = {isa = PBXFileReference; fileEncoding = 4; lastKnownFileType = file.xib; path = BLCommentCell.xib; sourceTree = "<group>"; };
		EB7743731CEB0E3D007D83E9 /* BLCommentHeader.h */ = {isa = PBXFileReference; fileEncoding = 4; lastKnownFileType = sourcecode.c.h; path = BLCommentHeader.h; sourceTree = "<group>"; };
		EB7743741CEB0E3D007D83E9 /* BLCommentHeader.m */ = {isa = PBXFileReference; fileEncoding = 4; lastKnownFileType = sourcecode.c.objc; path = BLCommentHeader.m; sourceTree = "<group>"; };
		EB7743761CEB0E4F007D83E9 /* BLCommentHeader.xib */ = {isa = PBXFileReference; fileEncoding = 4; lastKnownFileType = file.xib; path = BLCommentHeader.xib; sourceTree = "<group>"; };
		EB7744231CEC1011007D83E9 /* IJKMediaFramework.framework */ = {isa = PBXFileReference; lastKnownFileType = wrapper.framework; path = IJKMediaFramework.framework; sourceTree = "<group>"; };
		EB7744251CEC109C007D83E9 /* libz.tbd */ = {isa = PBXFileReference; lastKnownFileType = "sourcecode.text-based-dylib-definition"; name = libz.tbd; path = usr/lib/libz.tbd; sourceTree = SDKROOT; };
		EB7744271CEC10A7007D83E9 /* libbz2.tbd */ = {isa = PBXFileReference; lastKnownFileType = "sourcecode.text-based-dylib-definition"; name = libbz2.tbd; path = usr/lib/libbz2.tbd; sourceTree = SDKROOT; };
		EB7744291CEC10BF007D83E9 /* AudioToolbox.framework */ = {isa = PBXFileReference; lastKnownFileType = wrapper.framework; name = AudioToolbox.framework; path = System/Library/Frameworks/AudioToolbox.framework; sourceTree = SDKROOT; };
		EB77442B1CEC10CD007D83E9 /* AVFoundation.framework */ = {isa = PBXFileReference; lastKnownFileType = wrapper.framework; name = AVFoundation.framework; path = System/Library/Frameworks/AVFoundation.framework; sourceTree = SDKROOT; };
		EB77442D1CEC10E2007D83E9 /* CoreGraphics.framework */ = {isa = PBXFileReference; lastKnownFileType = wrapper.framework; name = CoreGraphics.framework; path = System/Library/Frameworks/CoreGraphics.framework; sourceTree = SDKROOT; };
		EB77442F1CEC10EF007D83E9 /* CoreMedia.framework */ = {isa = PBXFileReference; lastKnownFileType = wrapper.framework; name = CoreMedia.framework; path = System/Library/Frameworks/CoreMedia.framework; sourceTree = SDKROOT; };
		EB7744311CEC10FB007D83E9 /* CoreVideo.framework */ = {isa = PBXFileReference; lastKnownFileType = wrapper.framework; name = CoreVideo.framework; path = System/Library/Frameworks/CoreVideo.framework; sourceTree = SDKROOT; };
		EB7744331CEC1106007D83E9 /* MediaPlayer.framework */ = {isa = PBXFileReference; lastKnownFileType = wrapper.framework; name = MediaPlayer.framework; path = System/Library/Frameworks/MediaPlayer.framework; sourceTree = SDKROOT; };
		EB7744351CEC111B007D83E9 /* MobileCoreServices.framework */ = {isa = PBXFileReference; lastKnownFileType = wrapper.framework; name = MobileCoreServices.framework; path = System/Library/Frameworks/MobileCoreServices.framework; sourceTree = SDKROOT; };
		EB7744371CEC112C007D83E9 /* OpenGLES.framework */ = {isa = PBXFileReference; lastKnownFileType = wrapper.framework; name = OpenGLES.framework; path = System/Library/Frameworks/OpenGLES.framework; sourceTree = SDKROOT; };
		EB7744391CEC113C007D83E9 /* QuartzCore.framework */ = {isa = PBXFileReference; lastKnownFileType = wrapper.framework; name = QuartzCore.framework; path = System/Library/Frameworks/QuartzCore.framework; sourceTree = SDKROOT; };
		EB77443B1CEC1148007D83E9 /* UIKit.framework */ = {isa = PBXFileReference; lastKnownFileType = wrapper.framework; name = UIKit.framework; path = System/Library/Frameworks/UIKit.framework; sourceTree = SDKROOT; };
		EB77443D1CEC1156007D83E9 /* VideoToolbox.framework */ = {isa = PBXFileReference; lastKnownFileType = wrapper.framework; name = VideoToolbox.framework; path = System/Library/Frameworks/VideoToolbox.framework; sourceTree = SDKROOT; };
		EB77443F1CEC1685007D83E9 /* BLPlayView.xib */ = {isa = PBXFileReference; fileEncoding = 4; lastKnownFileType = file.xib; path = BLPlayView.xib; sourceTree = "<group>"; };
		EB7744411CEC2DC5007D83E9 /* BLOnePlayController_new.h */ = {isa = PBXFileReference; fileEncoding = 4; lastKnownFileType = sourcecode.c.h; path = BLOnePlayController_new.h; sourceTree = "<group>"; };
		EB7744421CEC2DC5007D83E9 /* BLOnePlayController_new.m */ = {isa = PBXFileReference; fileEncoding = 4; lastKnownFileType = sourcecode.c.objc; path = BLOnePlayController_new.m; sourceTree = "<group>"; };
		EB7744431CEC2DC5007D83E9 /* BLOnePlayController_new.xib */ = {isa = PBXFileReference; fileEncoding = 4; lastKnownFileType = file.xib; path = BLOnePlayController_new.xib; sourceTree = "<group>"; };
		EB7744471CEC88D2007D83E9 /* PlayerView+Notification.h */ = {isa = PBXFileReference; fileEncoding = 4; lastKnownFileType = sourcecode.c.h; path = "PlayerView+Notification.h"; sourceTree = "<group>"; };
		EB7744481CEC88D2007D83E9 /* PlayerView+Notification.m */ = {isa = PBXFileReference; fileEncoding = 4; lastKnownFileType = sourcecode.c.objc; path = "PlayerView+Notification.m"; sourceTree = "<group>"; };
		EB7744491CEC88D2007D83E9 /* PlayerViewControl.h */ = {isa = PBXFileReference; fileEncoding = 4; lastKnownFileType = sourcecode.c.h; path = PlayerViewControl.h; sourceTree = "<group>"; };
		EB77444A1CEC88D2007D83E9 /* PlayerViewControl.m */ = {isa = PBXFileReference; fileEncoding = 4; lastKnownFileType = sourcecode.c.objc; path = PlayerViewControl.m; sourceTree = "<group>"; };
		EB77444B1CEC88D2007D83E9 /* PlayerViewController.h */ = {isa = PBXFileReference; fileEncoding = 4; lastKnownFileType = sourcecode.c.h; path = PlayerViewController.h; sourceTree = "<group>"; };
		EB77444C1CEC88D2007D83E9 /* PlayerViewController.m */ = {isa = PBXFileReference; fileEncoding = 4; lastKnownFileType = sourcecode.c.objc; path = PlayerViewController.m; sourceTree = "<group>"; };
		EB77444D1CEC88D2007D83E9 /* PlayerViewRotate.h */ = {isa = PBXFileReference; fileEncoding = 4; lastKnownFileType = sourcecode.c.h; path = PlayerViewRotate.h; sourceTree = "<group>"; };
		EB77444E1CEC88D2007D83E9 /* PlayerViewRotate.m */ = {isa = PBXFileReference; fileEncoding = 4; lastKnownFileType = sourcecode.c.objc; path = PlayerViewRotate.m; sourceTree = "<group>"; };
		EB7744561CF1D1C7007D83E9 /* PlayerViewControl.xib */ = {isa = PBXFileReference; fileEncoding = 4; lastKnownFileType = file.xib; path = PlayerViewControl.xib; sourceTree = "<group>"; };
		EBD7C2ED1CD70C7A006F2016 /* LJKBILIBILI.app */ = {isa = PBXFileReference; explicitFileType = wrapper.application; includeInIndex = 0; path = LJKBILIBILI.app; sourceTree = BUILT_PRODUCTS_DIR; };
		EBD7C2FA1CD70C7A006F2016 /* Base */ = {isa = PBXFileReference; lastKnownFileType = file.storyboard; name = Base; path = Base.lproj/Main.storyboard; sourceTree = "<group>"; };
		EBD7C2FF1CD70C7A006F2016 /* Base */ = {isa = PBXFileReference; lastKnownFileType = file.storyboard; name = Base; path = Base.lproj/LaunchScreen.storyboard; sourceTree = "<group>"; };
		EBD7C3061CD70C7A006F2016 /* LJKBILIBILITests.xctest */ = {isa = PBXFileReference; explicitFileType = wrapper.cfbundle; includeInIndex = 0; path = LJKBILIBILITests.xctest; sourceTree = BUILT_PRODUCTS_DIR; };
		EBD7C30A1CD70C7A006F2016 /* LJKBILIBILITests.m */ = {isa = PBXFileReference; lastKnownFileType = sourcecode.c.objc; path = LJKBILIBILITests.m; sourceTree = "<group>"; };
		EBD7C30C1CD70C7A006F2016 /* Info.plist */ = {isa = PBXFileReference; lastKnownFileType = text.plist.xml; path = Info.plist; sourceTree = "<group>"; };
		EBD7C3111CD70C7A006F2016 /* LJKBILIBILIUITests.xctest */ = {isa = PBXFileReference; explicitFileType = wrapper.cfbundle; includeInIndex = 0; path = LJKBILIBILIUITests.xctest; sourceTree = BUILT_PRODUCTS_DIR; };
		EBD7C3151CD70C7A006F2016 /* LJKBILIBILIUITests.m */ = {isa = PBXFileReference; lastKnownFileType = sourcecode.c.objc; path = LJKBILIBILIUITests.m; sourceTree = "<group>"; };
		EBD7C3171CD70C7A006F2016 /* Info.plist */ = {isa = PBXFileReference; lastKnownFileType = text.plist.xml; path = Info.plist; sourceTree = "<group>"; };
		EBFEFBA21CF32248000CDEB0 /* DLCacheProtocol.h */ = {isa = PBXFileReference; fileEncoding = 4; lastKnownFileType = sourcecode.c.h; path = DLCacheProtocol.h; sourceTree = "<group>"; };
		EBFEFBA31CF32248000CDEB0 /* DLLRUCache.h */ = {isa = PBXFileReference; fileEncoding = 4; lastKnownFileType = sourcecode.c.h; path = DLLRUCache.h; sourceTree = "<group>"; };
		EBFEFBA41CF32248000CDEB0 /* DLLRUCache.m */ = {isa = PBXFileReference; fileEncoding = 4; lastKnownFileType = sourcecode.c.objc; path = DLLRUCache.m; sourceTree = "<group>"; };
		EBFEFBA51CF32248000CDEB0 /* DLCustomSlideView.h */ = {isa = PBXFileReference; fileEncoding = 4; lastKnownFileType = sourcecode.c.h; path = DLCustomSlideView.h; sourceTree = "<group>"; };
		EBFEFBA61CF32248000CDEB0 /* DLCustomSlideView.m */ = {isa = PBXFileReference; fileEncoding = 4; lastKnownFileType = sourcecode.c.objc; path = DLCustomSlideView.m; sourceTree = "<group>"; };
		EBFEFBA71CF32248000CDEB0 /* DLSlideView.h */ = {isa = PBXFileReference; fileEncoding = 4; lastKnownFileType = sourcecode.c.h; path = DLSlideView.h; sourceTree = "<group>"; };
		EBFEFBA81CF32248000CDEB0 /* DLSlideView.m */ = {isa = PBXFileReference; fileEncoding = 4; lastKnownFileType = sourcecode.c.objc; path = DLSlideView.m; sourceTree = "<group>"; };
		EBFEFBAA1CF32248000CDEB0 /* DLFixedTabbarView.h */ = {isa = PBXFileReference; fileEncoding = 4; lastKnownFileType = sourcecode.c.h; path = DLFixedTabbarView.h; sourceTree = "<group>"; };
		EBFEFBAB1CF32248000CDEB0 /* DLFixedTabbarView.m */ = {isa = PBXFileReference; fileEncoding = 4; lastKnownFileType = sourcecode.c.objc; path = DLFixedTabbarView.m; sourceTree = "<group>"; };
		EBFEFBAC1CF32248000CDEB0 /* DLScrollTabbarView.h */ = {isa = PBXFileReference; fileEncoding = 4; lastKnownFileType = sourcecode.c.h; path = DLScrollTabbarView.h; sourceTree = "<group>"; };
		EBFEFBAD1CF32248000CDEB0 /* DLScrollTabbarView.m */ = {isa = PBXFileReference; fileEncoding = 4; lastKnownFileType = sourcecode.c.objc; path = DLScrollTabbarView.m; sourceTree = "<group>"; };
		EBFEFBAE1CF32248000CDEB0 /* DLSlideTabbarProtocol.h */ = {isa = PBXFileReference; fileEncoding = 4; lastKnownFileType = sourcecode.c.h; path = DLSlideTabbarProtocol.h; sourceTree = "<group>"; };
		EBFEFBAF1CF32248000CDEB0 /* DLTabedSlideView.h */ = {isa = PBXFileReference; fileEncoding = 4; lastKnownFileType = sourcecode.c.h; path = DLTabedSlideView.h; sourceTree = "<group>"; };
		EBFEFBB01CF32248000CDEB0 /* DLTabedSlideView.m */ = {isa = PBXFileReference; fileEncoding = 4; lastKnownFileType = sourcecode.c.objc; path = DLTabedSlideView.m; sourceTree = "<group>"; };
		EBFEFBB21CF32248000CDEB0 /* MJConst.h */ = {isa = PBXFileReference; fileEncoding = 4; lastKnownFileType = sourcecode.c.h; path = MJConst.h; sourceTree = "<group>"; };
		EBFEFBB31CF32248000CDEB0 /* MJConst.m */ = {isa = PBXFileReference; fileEncoding = 4; lastKnownFileType = sourcecode.c.objc; path = MJConst.m; sourceTree = "<group>"; };
		EBFEFBB41CF32248000CDEB0 /* MJExtension.h */ = {isa = PBXFileReference; fileEncoding = 4; lastKnownFileType = sourcecode.c.h; path = MJExtension.h; sourceTree = "<group>"; };
		EBFEFBB51CF32248000CDEB0 /* MJFoundation.h */ = {isa = PBXFileReference; fileEncoding = 4; lastKnownFileType = sourcecode.c.h; path = MJFoundation.h; sourceTree = "<group>"; };
		EBFEFBB61CF32248000CDEB0 /* MJFoundation.m */ = {isa = PBXFileReference; fileEncoding = 4; lastKnownFileType = sourcecode.c.objc; path = MJFoundation.m; sourceTree = "<group>"; };
		EBFEFBB71CF32248000CDEB0 /* MJIvar.h */ = {isa = PBXFileReference; fileEncoding = 4; lastKnownFileType = sourcecode.c.h; path = MJIvar.h; sourceTree = "<group>"; };
		EBFEFBB81CF32248000CDEB0 /* MJIvar.m */ = {isa = PBXFileReference; fileEncoding = 4; lastKnownFileType = sourcecode.c.objc; path = MJIvar.m; sourceTree = "<group>"; };
		EBFEFBB91CF32248000CDEB0 /* MJType.h */ = {isa = PBXFileReference; fileEncoding = 4; lastKnownFileType = sourcecode.c.h; path = MJType.h; sourceTree = "<group>"; };
		EBFEFBBA1CF32248000CDEB0 /* MJType.m */ = {isa = PBXFileReference; fileEncoding = 4; lastKnownFileType = sourcecode.c.objc; path = MJType.m; sourceTree = "<group>"; };
		EBFEFBBB1CF32248000CDEB0 /* NSObject+MJCoding.h */ = {isa = PBXFileReference; fileEncoding = 4; lastKnownFileType = sourcecode.c.h; path = "NSObject+MJCoding.h"; sourceTree = "<group>"; };
		EBFEFBBC1CF32248000CDEB0 /* NSObject+MJCoding.m */ = {isa = PBXFileReference; fileEncoding = 4; lastKnownFileType = sourcecode.c.objc; path = "NSObject+MJCoding.m"; sourceTree = "<group>"; };
		EBFEFBBD1CF32248000CDEB0 /* NSObject+MJIvar.h */ = {isa = PBXFileReference; fileEncoding = 4; lastKnownFileType = sourcecode.c.h; path = "NSObject+MJIvar.h"; sourceTree = "<group>"; };
		EBFEFBBE1CF32248000CDEB0 /* NSObject+MJIvar.m */ = {isa = PBXFileReference; fileEncoding = 4; lastKnownFileType = sourcecode.c.objc; path = "NSObject+MJIvar.m"; sourceTree = "<group>"; };
		EBFEFBBF1CF32248000CDEB0 /* NSObject+MJKeyValue.h */ = {isa = PBXFileReference; fileEncoding = 4; lastKnownFileType = sourcecode.c.h; path = "NSObject+MJKeyValue.h"; sourceTree = "<group>"; };
		EBFEFBC01CF32248000CDEB0 /* NSObject+MJKeyValue.m */ = {isa = PBXFileReference; fileEncoding = 4; lastKnownFileType = sourcecode.c.objc; path = "NSObject+MJKeyValue.m"; sourceTree = "<group>"; };
		EBFEFBC21CF32248000CDEB0 /* MKAnnotationView+WebCache.h */ = {isa = PBXFileReference; fileEncoding = 4; lastKnownFileType = sourcecode.c.h; path = "MKAnnotationView+WebCache.h"; sourceTree = "<group>"; };
		EBFEFBC31CF32248000CDEB0 /* MKAnnotationView+WebCache.m */ = {isa = PBXFileReference; fileEncoding = 4; lastKnownFileType = sourcecode.c.objc; path = "MKAnnotationView+WebCache.m"; sourceTree = "<group>"; };
		EBFEFBC41CF32248000CDEB0 /* NSData+ImageContentType.h */ = {isa = PBXFileReference; fileEncoding = 4; lastKnownFileType = sourcecode.c.h; path = "NSData+ImageContentType.h"; sourceTree = "<group>"; };
		EBFEFBC51CF32248000CDEB0 /* NSData+ImageContentType.m */ = {isa = PBXFileReference; fileEncoding = 4; lastKnownFileType = sourcecode.c.objc; path = "NSData+ImageContentType.m"; sourceTree = "<group>"; };
		EBFEFBC61CF32248000CDEB0 /* SDImageCache.h */ = {isa = PBXFileReference; fileEncoding = 4; lastKnownFileType = sourcecode.c.h; path = SDImageCache.h; sourceTree = "<group>"; };
		EBFEFBC71CF32248000CDEB0 /* SDImageCache.m */ = {isa = PBXFileReference; fileEncoding = 4; lastKnownFileType = sourcecode.c.objc; path = SDImageCache.m; sourceTree = "<group>"; };
		EBFEFBC81CF32248000CDEB0 /* SDWebImageCompat.h */ = {isa = PBXFileReference; fileEncoding = 4; lastKnownFileType = sourcecode.c.h; path = SDWebImageCompat.h; sourceTree = "<group>"; };
		EBFEFBC91CF32248000CDEB0 /* SDWebImageCompat.m */ = {isa = PBXFileReference; fileEncoding = 4; lastKnownFileType = sourcecode.c.objc; path = SDWebImageCompat.m; sourceTree = "<group>"; };
		EBFEFBCA1CF32248000CDEB0 /* SDWebImageDecoder.h */ = {isa = PBXFileReference; fileEncoding = 4; lastKnownFileType = sourcecode.c.h; path = SDWebImageDecoder.h; sourceTree = "<group>"; };
		EBFEFBCB1CF32248000CDEB0 /* SDWebImageDecoder.m */ = {isa = PBXFileReference; fileEncoding = 4; lastKnownFileType = sourcecode.c.objc; path = SDWebImageDecoder.m; sourceTree = "<group>"; };
		EBFEFBCC1CF32248000CDEB0 /* SDWebImageDownloader.h */ = {isa = PBXFileReference; fileEncoding = 4; lastKnownFileType = sourcecode.c.h; path = SDWebImageDownloader.h; sourceTree = "<group>"; };
		EBFEFBCD1CF32248000CDEB0 /* SDWebImageDownloader.m */ = {isa = PBXFileReference; fileEncoding = 4; lastKnownFileType = sourcecode.c.objc; path = SDWebImageDownloader.m; sourceTree = "<group>"; };
		EBFEFBCE1CF32248000CDEB0 /* SDWebImageDownloaderOperation.h */ = {isa = PBXFileReference; fileEncoding = 4; lastKnownFileType = sourcecode.c.h; path = SDWebImageDownloaderOperation.h; sourceTree = "<group>"; };
		EBFEFBCF1CF32248000CDEB0 /* SDWebImageDownloaderOperation.m */ = {isa = PBXFileReference; fileEncoding = 4; lastKnownFileType = sourcecode.c.objc; path = SDWebImageDownloaderOperation.m; sourceTree = "<group>"; };
		EBFEFBD01CF32248000CDEB0 /* SDWebImageManager.h */ = {isa = PBXFileReference; fileEncoding = 4; lastKnownFileType = sourcecode.c.h; path = SDWebImageManager.h; sourceTree = "<group>"; };
		EBFEFBD11CF32248000CDEB0 /* SDWebImageManager.m */ = {isa = PBXFileReference; fileEncoding = 4; lastKnownFileType = sourcecode.c.objc; path = SDWebImageManager.m; sourceTree = "<group>"; };
		EBFEFBD21CF32248000CDEB0 /* SDWebImageOperation.h */ = {isa = PBXFileReference; fileEncoding = 4; lastKnownFileType = sourcecode.c.h; path = SDWebImageOperation.h; sourceTree = "<group>"; };
		EBFEFBD31CF32248000CDEB0 /* SDWebImagePrefetcher.h */ = {isa = PBXFileReference; fileEncoding = 4; lastKnownFileType = sourcecode.c.h; path = SDWebImagePrefetcher.h; sourceTree = "<group>"; };
		EBFEFBD41CF32248000CDEB0 /* SDWebImagePrefetcher.m */ = {isa = PBXFileReference; fileEncoding = 4; lastKnownFileType = sourcecode.c.objc; path = SDWebImagePrefetcher.m; sourceTree = "<group>"; };
		EBFEFBD51CF32248000CDEB0 /* UIButton+WebCache.h */ = {isa = PBXFileReference; fileEncoding = 4; lastKnownFileType = sourcecode.c.h; path = "UIButton+WebCache.h"; sourceTree = "<group>"; };
		EBFEFBD61CF32248000CDEB0 /* UIButton+WebCache.m */ = {isa = PBXFileReference; fileEncoding = 4; lastKnownFileType = sourcecode.c.objc; path = "UIButton+WebCache.m"; sourceTree = "<group>"; };
		EBFEFBD71CF32248000CDEB0 /* UIImage+GIF.h */ = {isa = PBXFileReference; fileEncoding = 4; lastKnownFileType = sourcecode.c.h; path = "UIImage+GIF.h"; sourceTree = "<group>"; };
		EBFEFBD81CF32248000CDEB0 /* UIImage+GIF.m */ = {isa = PBXFileReference; fileEncoding = 4; lastKnownFileType = sourcecode.c.objc; path = "UIImage+GIF.m"; sourceTree = "<group>"; };
		EBFEFBD91CF32248000CDEB0 /* UIImage+MultiFormat.h */ = {isa = PBXFileReference; fileEncoding = 4; lastKnownFileType = sourcecode.c.h; path = "UIImage+MultiFormat.h"; sourceTree = "<group>"; };
		EBFEFBDA1CF32248000CDEB0 /* UIImage+MultiFormat.m */ = {isa = PBXFileReference; fileEncoding = 4; lastKnownFileType = sourcecode.c.objc; path = "UIImage+MultiFormat.m"; sourceTree = "<group>"; };
		EBFEFBDB1CF32248000CDEB0 /* UIImage+WebP.h */ = {isa = PBXFileReference; fileEncoding = 4; lastKnownFileType = sourcecode.c.h; path = "UIImage+WebP.h"; sourceTree = "<group>"; };
		EBFEFBDC1CF32248000CDEB0 /* UIImage+WebP.m */ = {isa = PBXFileReference; fileEncoding = 4; lastKnownFileType = sourcecode.c.objc; path = "UIImage+WebP.m"; sourceTree = "<group>"; };
		EBFEFBDD1CF32248000CDEB0 /* UIImageView+HighlightedWebCache.h */ = {isa = PBXFileReference; fileEncoding = 4; lastKnownFileType = sourcecode.c.h; path = "UIImageView+HighlightedWebCache.h"; sourceTree = "<group>"; };
		EBFEFBDE1CF32248000CDEB0 /* UIImageView+HighlightedWebCache.m */ = {isa = PBXFileReference; fileEncoding = 4; lastKnownFileType = sourcecode.c.objc; path = "UIImageView+HighlightedWebCache.m"; sourceTree = "<group>"; };
		EBFEFBDF1CF32248000CDEB0 /* UIImageView+WebCache.h */ = {isa = PBXFileReference; fileEncoding = 4; lastKnownFileType = sourcecode.c.h; path = "UIImageView+WebCache.h"; sourceTree = "<group>"; };
		EBFEFBE01CF32248000CDEB0 /* UIImageView+WebCache.m */ = {isa = PBXFileReference; fileEncoding = 4; lastKnownFileType = sourcecode.c.objc; path = "UIImageView+WebCache.m"; sourceTree = "<group>"; };
		EBFEFBE11CF32248000CDEB0 /* UIView+WebCacheOperation.h */ = {isa = PBXFileReference; fileEncoding = 4; lastKnownFileType = sourcecode.c.h; path = "UIView+WebCacheOperation.h"; sourceTree = "<group>"; };
		EBFEFBE21CF32248000CDEB0 /* UIView+WebCacheOperation.m */ = {isa = PBXFileReference; fileEncoding = 4; lastKnownFileType = sourcecode.c.objc; path = "UIView+WebCacheOperation.m"; sourceTree = "<group>"; };
		EBFEFBE41CF32248000CDEB0 /* YiRefreshFooter.h */ = {isa = PBXFileReference; fileEncoding = 4; lastKnownFileType = sourcecode.c.h; path = YiRefreshFooter.h; sourceTree = "<group>"; };
		EBFEFBE51CF32248000CDEB0 /* YiRefreshFooter.m */ = {isa = PBXFileReference; fileEncoding = 4; lastKnownFileType = sourcecode.c.objc; path = YiRefreshFooter.m; sourceTree = "<group>"; };
		EBFEFBE61CF32248000CDEB0 /* YiRefreshHeader.h */ = {isa = PBXFileReference; fileEncoding = 4; lastKnownFileType = sourcecode.c.h; path = YiRefreshHeader.h; sourceTree = "<group>"; };
		EBFEFBE71CF32248000CDEB0 /* YiRefreshHeader.m */ = {isa = PBXFileReference; fileEncoding = 4; lastKnownFileType = sourcecode.c.objc; path = YiRefreshHeader.m; sourceTree = "<group>"; };
/* End PBXFileReference section */

/* Begin PBXFrameworksBuildPhase section */
		EBD7C2EA1CD70C7A006F2016 /* Frameworks */ = {
			isa = PBXFrameworksBuildPhase;
			buildActionMask = 2147483647;
			files = (
				EB77443E1CEC1156007D83E9 /* VideoToolbox.framework in Frameworks */,
				EB77443C1CEC1148007D83E9 /* UIKit.framework in Frameworks */,
				EB77443A1CEC113C007D83E9 /* QuartzCore.framework in Frameworks */,
				EB7744381CEC112C007D83E9 /* OpenGLES.framework in Frameworks */,
				EB7744361CEC111B007D83E9 /* MobileCoreServices.framework in Frameworks */,
				EB7744341CEC1106007D83E9 /* MediaPlayer.framework in Frameworks */,
				EB7744321CEC10FB007D83E9 /* CoreVideo.framework in Frameworks */,
				EB7744301CEC10EF007D83E9 /* CoreMedia.framework in Frameworks */,
				EB77442E1CEC10E2007D83E9 /* CoreGraphics.framework in Frameworks */,
				EB77442C1CEC10CD007D83E9 /* AVFoundation.framework in Frameworks */,
				EB77442A1CEC10BF007D83E9 /* AudioToolbox.framework in Frameworks */,
				EB7744281CEC10A8007D83E9 /* libbz2.tbd in Frameworks */,
				EB7744261CEC109C007D83E9 /* libz.tbd in Frameworks */,
				135673EE604A869AB6A2B182 /* libPods.a in Frameworks */,
				EB7744241CEC1011007D83E9 /* IJKMediaFramework.framework in Frameworks */,
			);
			runOnlyForDeploymentPostprocessing = 0;
		};
		EBD7C3031CD70C7A006F2016 /* Frameworks */ = {
			isa = PBXFrameworksBuildPhase;
			buildActionMask = 2147483647;
			files = (
			);
			runOnlyForDeploymentPostprocessing = 0;
		};
		EBD7C30E1CD70C7A006F2016 /* Frameworks */ = {
			isa = PBXFrameworksBuildPhase;
			buildActionMask = 2147483647;
			files = (
			);
			runOnlyForDeploymentPostprocessing = 0;
		};
/* End PBXFrameworksBuildPhase section */

/* Begin PBXGroup section */
		82D1CE6618EC51C9F4BD4526 /* Pods */ = {
			isa = PBXGroup;
			children = (
				AC28F008A4D1D594A03F4A42 /* Pods.debug.xcconfig */,
				4936E3804F9914AEEC7F4E42 /* Pods.release.xcconfig */,
			);
			name = Pods;
			sourceTree = "<group>";
		};
		D502FA61AD9805B7422AEC38 /* Frameworks */ = {
			isa = PBXGroup;
			children = (
				EB77443D1CEC1156007D83E9 /* VideoToolbox.framework */,
				EB77443B1CEC1148007D83E9 /* UIKit.framework */,
				EB7744391CEC113C007D83E9 /* QuartzCore.framework */,
				EB7744371CEC112C007D83E9 /* OpenGLES.framework */,
				EB7744351CEC111B007D83E9 /* MobileCoreServices.framework */,
				EB7744331CEC1106007D83E9 /* MediaPlayer.framework */,
				EB7744311CEC10FB007D83E9 /* CoreVideo.framework */,
				EB77442F1CEC10EF007D83E9 /* CoreMedia.framework */,
				EB77442D1CEC10E2007D83E9 /* CoreGraphics.framework */,
				EB77442B1CEC10CD007D83E9 /* AVFoundation.framework */,
				EB7744291CEC10BF007D83E9 /* AudioToolbox.framework */,
				EB7744271CEC10A7007D83E9 /* libbz2.tbd */,
				EB7744251CEC109C007D83E9 /* libz.tbd */,
				EB7744231CEC1011007D83E9 /* IJKMediaFramework.framework */,
				35504959B463B0602D128A02 /* libPods.a */,
			);
			name = Frameworks;
			sourceTree = "<group>";
		};
		EB7742021CD8B5C8007D83E9 /* Classes */ = {
			isa = PBXGroup;
			children = (
				EB7743311CE5FB42007D83E9 /* OnePlay */,
				EB7742FE1CE5DC4B007D83E9 /* Communal */,
				EB7742FA1CE5DC31007D83E9 /* Tool */,
				EB7742031CD8B618007D83E9 /* Main */,
				EB7742241CE07585007D83E9 /* Commend(推荐) */,
				EB7742181CD8EC54007D83E9 /* Slid(左滑动菜单) */,
				EB7742111CD8CA41007D83E9 /* Other */,
				EB7742351CE0A22D007D83E9 /* Launch */,
				EB7742331CE0A1EE007D83E9 /* Source */,
				EB7742451CE1DAB5007D83E9 /* Categories */,
				EBFEFB9F1CF32248000CDEB0 /* Lib */,
			);
			path = Classes;
			sourceTree = "<group>";
		};
		EB7742031CD8B618007D83E9 /* Main */ = {
			isa = PBXGroup;
			children = (
				EB77420D1CD8B995007D83E9 /* View */,
				EB7742051CD8B688007D83E9 /* Controller */,
			);
			path = Main;
			sourceTree = "<group>";
		};
		EB7742051CD8B688007D83E9 /* Controller */ = {
			isa = PBXGroup;
			children = (
				EBD7C2F91CD70C7A006F2016 /* Main.storyboard */,
				EB7742061CD8B6D6007D83E9 /* BLNavigationController.h */,
				EB7742071CD8B6D6007D83E9 /* BLNavigationController.m */,
				EB7742091CD8B702007D83E9 /* BLHomeViewController.h */,
				EB77420A1CD8B702007D83E9 /* BLHomeViewController.m */,
			);
			path = Controller;
			sourceTree = "<group>";
		};
		EB77420D1CD8B995007D83E9 /* View */ = {
			isa = PBXGroup;
			children = (
				EB7742151CD8CEE3007D83E9 /* BLTopView.h */,
				EB7742161CD8CEE3007D83E9 /* BLTopView.m */,
				EB7742211CE03937007D83E9 /* BLMainScrollView.h */,
				EB7742221CE03937007D83E9 /* BLMainScrollView.m */,
			);
			path = View;
			sourceTree = "<group>";
		};
		EB7742111CD8CA41007D83E9 /* Other */ = {
			isa = PBXGroup;
			children = (
				EB7742391CE0A27C007D83E9 /* main.m */,
				EB7742361CE0A268007D83E9 /* AppDelegate.h */,
				EB7742371CE0A268007D83E9 /* AppDelegate.m */,
				EB7742121CD8CAC8007D83E9 /* BLConst.h */,
				EB7742131CD8CAC8007D83E9 /* BLConst.m */,
			);
			path = Other;
			sourceTree = "<group>";
		};
		EB7742181CD8EC54007D83E9 /* Slid(左滑动菜单) */ = {
			isa = PBXGroup;
			children = (
				EB7742191CD8EC86007D83E9 /* Controller */,
			);
			name = "Slid(左滑动菜单)";
			path = Slid;
			sourceTree = "<group>";
		};
		EB7742191CD8EC86007D83E9 /* Controller */ = {
			isa = PBXGroup;
			children = (
				EB77421A1CD8ED74007D83E9 /* BLSlidView.h */,
				EB77421B1CD8ED74007D83E9 /* BLSlidView.m */,
				EB77421D1CD8ED98007D83E9 /* BLSlidView.xib */,
			);
			path = Controller;
			sourceTree = "<group>";
		};
		EB7742241CE07585007D83E9 /* Commend(推荐) */ = {
			isa = PBXGroup;
			children = (
				EB7742271CE075C5007D83E9 /* Model */,
				EB7742261CE075B3007D83E9 /* View */,
				EB7742251CE075A1007D83E9 /* Controller */,
			);
			name = "Commend(推荐)";
			path = Commend;
			sourceTree = "<group>";
		};
		EB7742251CE075A1007D83E9 /* Controller */ = {
			isa = PBXGroup;
			children = (
				EB7742301CE084D5007D83E9 /* BLCommendViewController.h */,
				EB7742311CE084D5007D83E9 /* BLCommendViewController.m */,
			);
			path = Controller;
			sourceTree = "<group>";
		};
		EB7742261CE075B3007D83E9 /* View */ = {
			isa = PBXGroup;
			children = (
				EB7742C11CE363F9007D83E9 /* BLCommendViewLayout.h */,
				EB7742C21CE363F9007D83E9 /* BLCommendViewLayout.m */,
			);
			path = View;
			sourceTree = "<group>";
		};
		EB7742271CE075C5007D83E9 /* Model */ = {
			isa = PBXGroup;
			children = (
				EB77424E1CE2043B007D83E9 /* BLResultItem.h */,
				EB77424F1CE2043B007D83E9 /* BLResultItem.m */,
				EB7742511CE2049B007D83E9 /* BLResultItemHead.h */,
				EB7742521CE2049B007D83E9 /* BLResultItemHead.m */,
			);
			path = Model;
			sourceTree = "<group>";
		};
		EB7742331CE0A1EE007D83E9 /* Source */ = {
			isa = PBXGroup;
			children = (
				EB77423B1CE0A2A3007D83E9 /* Assets.xcassets */,
				EB77423C1CE0A2A3007D83E9 /* Info.plist */,
				EB77423D1CE0A2A3007D83E9 /* Setting.plist */,
			);
			path = Source;
			sourceTree = "<group>";
		};
		EB7742351CE0A22D007D83E9 /* Launch */ = {
			isa = PBXGroup;
			children = (
				EBD7C2FE1CD70C7A006F2016 /* LaunchScreen.storyboard */,
			);
			path = Launch;
			sourceTree = "<group>";
		};
		EB7742451CE1DAB5007D83E9 /* Categories */ = {
			isa = PBXGroup;
			children = (
				EB7742BE1CE33786007D83E9 /* UIView+Extension.h */,
				EB7742BF1CE33786007D83E9 /* UIView+Extension.m */,
				EB7742461CE1DAE4007D83E9 /* Foundation+Log.m */,
			);
			path = Categories;
			sourceTree = "<group>";
		};
		EB7742FA1CE5DC31007D83E9 /* Tool */ = {
			isa = PBXGroup;
			children = (
				EB7742FB1CE5DC31007D83E9 /* BLHttpTool.h */,
				EB7742FC1CE5DC31007D83E9 /* BLHttpTool.m */,
				EB7743651CE71A69007D83E9 /* BLDataTool.h */,
				EB7743661CE71A69007D83E9 /* BLDataTool.m */,
			);
			path = Tool;
			sourceTree = "<group>";
		};
		EB7742FE1CE5DC4B007D83E9 /* Communal */ = {
			isa = PBXGroup;
			children = (
				EB7743041CE5DC4B007D83E9 /* View */,
				EB77432D1CE5DC87007D83E9 /* Controller */,
				EB7742FF1CE5DC4B007D83E9 /* Model */,
			);
			path = Communal;
			sourceTree = "<group>";
		};
		EB7742FF1CE5DC4B007D83E9 /* Model */ = {
			isa = PBXGroup;
			children = (
				EB7743001CE5DC4B007D83E9 /* BLADModal.h */,
				EB7743011CE5DC4B007D83E9 /* BLADModal.m */,
				EB7743021CE5DC4B007D83E9 /* BLBaseCellModel.h */,
				EB7743031CE5DC4B007D83E9 /* BLBaseCellModel.m */,
				EB7743551CE71376007D83E9 /* BLCommendModel.h */,
				EB7743561CE71376007D83E9 /* BLCommendModel.m */,
				EB7743581CE71545007D83E9 /* BLPageModel.h */,
				EB7743591CE71545007D83E9 /* BLPageModel.m */,
				EB77435B1CE71753007D83E9 /* BLCommendCellModel.h */,
				EB77435C1CE71753007D83E9 /* BLCommendCellModel.m */,
				EB77435E1CE7182A007D83E9 /* BLMemberModel.h */,
				EB77435F1CE7182A007D83E9 /* BLMemberModel.m */,
				EB7743611CE71845007D83E9 /* BLContentModel.h */,
				EB7743621CE71845007D83E9 /* BLContentModel.m */,
			);
			path = Model;
			sourceTree = "<group>";
		};
		EB7743041CE5DC4B007D83E9 /* View */ = {
			isa = PBXGroup;
			children = (
				EB77436D1CEAB23B007D83E9 /* BLCommentCell */,
				EB7743051CE5DC4B007D83E9 /* BaseCellView */,
				EB7743181CE5DC4B007D83E9 /* smallestCell */,
				EB7743091CE5DC4B007D83E9 /* BLADCell.h */,
				EB77430A1CE5DC4B007D83E9 /* BLADCell.m */,
				EB77430B1CE5DC4B007D83E9 /* BLADCell.xib */,
				EB77430C1CE5DC4B007D83E9 /* BLCellItem.h */,
				EB77430D1CE5DC4B007D83E9 /* BLCellItem.m */,
				EB77430E1CE5DC4B007D83E9 /* BLCellItem.xib */,
				EB77430F1CE5DC4B007D83E9 /* BLCellItem2.h */,
				EB7743101CE5DC4B007D83E9 /* BLCellItem2.m */,
				EB7743111CE5DC4B007D83E9 /* BLCellItem2.xib */,
				EB7743121CE5DC4B007D83E9 /* BLScrollCell.h */,
				EB7743131CE5DC4B007D83E9 /* BLScrollCell.m */,
				EB7743141CE5DC4B007D83E9 /* BLScrollCell.xib */,
				EB7743151CE5DC4B007D83E9 /* BLTopicCell.h */,
				EB7743161CE5DC4B007D83E9 /* BLTopicCell.m */,
				EB7743171CE5DC4B007D83E9 /* BLTopicCell.xib */,
			);
			path = View;
			sourceTree = "<group>";
		};
		EB7743051CE5DC4B007D83E9 /* BaseCellView */ = {
			isa = PBXGroup;
			children = (
				EB7743061CE5DC4B007D83E9 /* BLBaseCell.h */,
				EB7743071CE5DC4B007D83E9 /* BLBaseCell.m */,
				EB7743081CE5DC4B007D83E9 /* BLBaseCell.xib */,
			);
			path = BaseCellView;
			sourceTree = "<group>";
		};
		EB7743181CE5DC4B007D83E9 /* smallestCell */ = {
			isa = PBXGroup;
			children = (
			);
			path = smallestCell;
			sourceTree = "<group>";
		};
		EB77432D1CE5DC87007D83E9 /* Controller */ = {
			isa = PBXGroup;
			children = (
				EB7744461CEC88D2007D83E9 /* LJKPlayerView */,
				EB77432E1CE5DC87007D83E9 /* BLBaseViewController.h */,
				EB77432F1CE5DC87007D83E9 /* BLBaseViewController.m */,
				EB77434F1CE6180F007D83E9 /* BLPlayView.h */,
				EB7743501CE6180F007D83E9 /* BLPlayView.m */,
				EB77443F1CEC1685007D83E9 /* BLPlayView.xib */,
				EB7743521CE61951007D83E9 /* BLSynopsisController.h */,
				EB7743531CE61951007D83E9 /* BLSynopsisController.m */,
				EB7743681CE73DD0007D83E9 /* BLSynopsisController.xib */,
				EB77436A1CE9C964007D83E9 /* BLCommentController.h */,
				EB77436B1CE9C964007D83E9 /* BLCommentController.m */,
			);
			path = Controller;
			sourceTree = "<group>";
		};
		EB7743311CE5FB42007D83E9 /* OnePlay */ = {
			isa = PBXGroup;
			children = (
				EB7743321CE5FCC3007D83E9 /* Controller */,
			);
			path = OnePlay;
			sourceTree = "<group>";
		};
		EB7743321CE5FCC3007D83E9 /* Controller */ = {
			isa = PBXGroup;
			children = (
				EB7743331CE5FCEC007D83E9 /* BLOnePlayController.h */,
				EB7743341CE5FCEC007D83E9 /* BLOnePlayController.m */,
				EB7743361CE5FD69007D83E9 /* BLOnePlayController.storyboard */,
				EB7744411CEC2DC5007D83E9 /* BLOnePlayController_new.h */,
				EB7744421CEC2DC5007D83E9 /* BLOnePlayController_new.m */,
				EB7744431CEC2DC5007D83E9 /* BLOnePlayController_new.xib */,
			);
			path = Controller;
			sourceTree = "<group>";
		};
		EB77436D1CEAB23B007D83E9 /* BLCommentCell */ = {
			isa = PBXGroup;
			children = (
				EB77436E1CEAB262007D83E9 /* BLCommentCell.h */,
				EB77436F1CEAB262007D83E9 /* BLCommentCell.m */,
				EB7743701CEAB262007D83E9 /* BLCommentCell.xib */,
				EB7743731CEB0E3D007D83E9 /* BLCommentHeader.h */,
				EB7743741CEB0E3D007D83E9 /* BLCommentHeader.m */,
				EB7743761CEB0E4F007D83E9 /* BLCommentHeader.xib */,
			);
			path = BLCommentCell;
			sourceTree = "<group>";
		};
		EB7744461CEC88D2007D83E9 /* LJKPlayerView */ = {
			isa = PBXGroup;
			children = (
				EB7744471CEC88D2007D83E9 /* PlayerView+Notification.h */,
				EB7744481CEC88D2007D83E9 /* PlayerView+Notification.m */,
				EB7744491CEC88D2007D83E9 /* PlayerViewControl.h */,
				EB77444A1CEC88D2007D83E9 /* PlayerViewControl.m */,
				EB7744561CF1D1C7007D83E9 /* PlayerViewControl.xib */,
				EB77444B1CEC88D2007D83E9 /* PlayerViewController.h */,
				EB77444C1CEC88D2007D83E9 /* PlayerViewController.m */,
				EB77444D1CEC88D2007D83E9 /* PlayerViewRotate.h */,
				EB77444E1CEC88D2007D83E9 /* PlayerViewRotate.m */,
			);
			path = LJKPlayerView;
			sourceTree = "<group>";
		};
		EBD7C2E41CD70C7A006F2016 = {
			isa = PBXGroup;
			children = (
				EBD7C2EF1CD70C7A006F2016 /* LJKBILIBILI */,
				EBD7C3091CD70C7A006F2016 /* LJKBILIBILITests */,
				EBD7C3141CD70C7A006F2016 /* LJKBILIBILIUITests */,
				EBD7C2EE1CD70C7A006F2016 /* Products */,
				82D1CE6618EC51C9F4BD4526 /* Pods */,
				D502FA61AD9805B7422AEC38 /* Frameworks */,
			);
			sourceTree = "<group>";
		};
		EBD7C2EE1CD70C7A006F2016 /* Products */ = {
			isa = PBXGroup;
			children = (
				EBD7C2ED1CD70C7A006F2016 /* LJKBILIBILI.app */,
				EBD7C3061CD70C7A006F2016 /* LJKBILIBILITests.xctest */,
				EBD7C3111CD70C7A006F2016 /* LJKBILIBILIUITests.xctest */,
			);
			name = Products;
			sourceTree = "<group>";
		};
		EBD7C2EF1CD70C7A006F2016 /* LJKBILIBILI */ = {
			isa = PBXGroup;
			children = (
				EB7742021CD8B5C8007D83E9 /* Classes */,
				EBD7C2F01CD70C7A006F2016 /* Supporting Files */,
			);
			path = LJKBILIBILI;
			sourceTree = "<group>";
		};
		EBD7C2F01CD70C7A006F2016 /* Supporting Files */ = {
			isa = PBXGroup;
			children = (
			);
			name = "Supporting Files";
			sourceTree = "<group>";
		};
		EBD7C3091CD70C7A006F2016 /* LJKBILIBILITests */ = {
			isa = PBXGroup;
			children = (
				EBD7C30A1CD70C7A006F2016 /* LJKBILIBILITests.m */,
				EBD7C30C1CD70C7A006F2016 /* Info.plist */,
			);
			path = LJKBILIBILITests;
			sourceTree = "<group>";
		};
		EBD7C3141CD70C7A006F2016 /* LJKBILIBILIUITests */ = {
			isa = PBXGroup;
			children = (
				EBD7C3151CD70C7A006F2016 /* LJKBILIBILIUITests.m */,
				EBD7C3171CD70C7A006F2016 /* Info.plist */,
			);
			path = LJKBILIBILIUITests;
			sourceTree = "<group>";
		};
		EBFEFB9F1CF32248000CDEB0 /* Lib */ = {
			isa = PBXGroup;
			children = (
				EBFEFBA01CF32248000CDEB0 /* DLSlideView */,
				EBFEFBB11CF32248000CDEB0 /* MJExtension */,
				EBFEFBC11CF32248000CDEB0 /* SDWebImage */,
				EBFEFBE31CF32248000CDEB0 /* YiRefresh */,
			);
			path = Lib;
			sourceTree = "<group>";
		};
		EBFEFBA01CF32248000CDEB0 /* DLSlideView */ = {
			isa = PBXGroup;
			children = (
				EBFEFBA11CF32248000CDEB0 /* DLCache */,
				EBFEFBA51CF32248000CDEB0 /* DLCustomSlideView.h */,
				EBFEFBA61CF32248000CDEB0 /* DLCustomSlideView.m */,
				EBFEFBA71CF32248000CDEB0 /* DLSlideView.h */,
				EBFEFBA81CF32248000CDEB0 /* DLSlideView.m */,
				EBFEFBA91CF32248000CDEB0 /* DLTabbarView */,
				EBFEFBAF1CF32248000CDEB0 /* DLTabedSlideView.h */,
				EBFEFBB01CF32248000CDEB0 /* DLTabedSlideView.m */,
			);
			path = DLSlideView;
			sourceTree = "<group>";
		};
		EBFEFBA11CF32248000CDEB0 /* DLCache */ = {
			isa = PBXGroup;
			children = (
				EBFEFBA21CF32248000CDEB0 /* DLCacheProtocol.h */,
				EBFEFBA31CF32248000CDEB0 /* DLLRUCache.h */,
				EBFEFBA41CF32248000CDEB0 /* DLLRUCache.m */,
			);
			path = DLCache;
			sourceTree = "<group>";
		};
		EBFEFBA91CF32248000CDEB0 /* DLTabbarView */ = {
			isa = PBXGroup;
			children = (
				EBFEFBAA1CF32248000CDEB0 /* DLFixedTabbarView.h */,
				EBFEFBAB1CF32248000CDEB0 /* DLFixedTabbarView.m */,
				EBFEFBAC1CF32248000CDEB0 /* DLScrollTabbarView.h */,
				EBFEFBAD1CF32248000CDEB0 /* DLScrollTabbarView.m */,
				EBFEFBAE1CF32248000CDEB0 /* DLSlideTabbarProtocol.h */,
			);
			path = DLTabbarView;
			sourceTree = "<group>";
		};
		EBFEFBB11CF32248000CDEB0 /* MJExtension */ = {
			isa = PBXGroup;
			children = (
				EBFEFBB21CF32248000CDEB0 /* MJConst.h */,
				EBFEFBB31CF32248000CDEB0 /* MJConst.m */,
				EBFEFBB41CF32248000CDEB0 /* MJExtension.h */,
				EBFEFBB51CF32248000CDEB0 /* MJFoundation.h */,
				EBFEFBB61CF32248000CDEB0 /* MJFoundation.m */,
				EBFEFBB71CF32248000CDEB0 /* MJIvar.h */,
				EBFEFBB81CF32248000CDEB0 /* MJIvar.m */,
				EBFEFBB91CF32248000CDEB0 /* MJType.h */,
				EBFEFBBA1CF32248000CDEB0 /* MJType.m */,
				EBFEFBBB1CF32248000CDEB0 /* NSObject+MJCoding.h */,
				EBFEFBBC1CF32248000CDEB0 /* NSObject+MJCoding.m */,
				EBFEFBBD1CF32248000CDEB0 /* NSObject+MJIvar.h */,
				EBFEFBBE1CF32248000CDEB0 /* NSObject+MJIvar.m */,
				EBFEFBBF1CF32248000CDEB0 /* NSObject+MJKeyValue.h */,
				EBFEFBC01CF32248000CDEB0 /* NSObject+MJKeyValue.m */,
			);
			path = MJExtension;
			sourceTree = "<group>";
		};
		EBFEFBC11CF32248000CDEB0 /* SDWebImage */ = {
			isa = PBXGroup;
			children = (
				EBFEFBC21CF32248000CDEB0 /* MKAnnotationView+WebCache.h */,
				EBFEFBC31CF32248000CDEB0 /* MKAnnotationView+WebCache.m */,
				EBFEFBC41CF32248000CDEB0 /* NSData+ImageContentType.h */,
				EBFEFBC51CF32248000CDEB0 /* NSData+ImageContentType.m */,
				EBFEFBC61CF32248000CDEB0 /* SDImageCache.h */,
				EBFEFBC71CF32248000CDEB0 /* SDImageCache.m */,
				EBFEFBC81CF32248000CDEB0 /* SDWebImageCompat.h */,
				EBFEFBC91CF32248000CDEB0 /* SDWebImageCompat.m */,
				EBFEFBCA1CF32248000CDEB0 /* SDWebImageDecoder.h */,
				EBFEFBCB1CF32248000CDEB0 /* SDWebImageDecoder.m */,
				EBFEFBCC1CF32248000CDEB0 /* SDWebImageDownloader.h */,
				EBFEFBCD1CF32248000CDEB0 /* SDWebImageDownloader.m */,
				EBFEFBCE1CF32248000CDEB0 /* SDWebImageDownloaderOperation.h */,
				EBFEFBCF1CF32248000CDEB0 /* SDWebImageDownloaderOperation.m */,
				EBFEFBD01CF32248000CDEB0 /* SDWebImageManager.h */,
				EBFEFBD11CF32248000CDEB0 /* SDWebImageManager.m */,
				EBFEFBD21CF32248000CDEB0 /* SDWebImageOperation.h */,
				EBFEFBD31CF32248000CDEB0 /* SDWebImagePrefetcher.h */,
				EBFEFBD41CF32248000CDEB0 /* SDWebImagePrefetcher.m */,
				EBFEFBD51CF32248000CDEB0 /* UIButton+WebCache.h */,
				EBFEFBD61CF32248000CDEB0 /* UIButton+WebCache.m */,
				EBFEFBD71CF32248000CDEB0 /* UIImage+GIF.h */,
				EBFEFBD81CF32248000CDEB0 /* UIImage+GIF.m */,
				EBFEFBD91CF32248000CDEB0 /* UIImage+MultiFormat.h */,
				EBFEFBDA1CF32248000CDEB0 /* UIImage+MultiFormat.m */,
				EBFEFBDB1CF32248000CDEB0 /* UIImage+WebP.h */,
				EBFEFBDC1CF32248000CDEB0 /* UIImage+WebP.m */,
				EBFEFBDD1CF32248000CDEB0 /* UIImageView+HighlightedWebCache.h */,
				EBFEFBDE1CF32248000CDEB0 /* UIImageView+HighlightedWebCache.m */,
				EBFEFBDF1CF32248000CDEB0 /* UIImageView+WebCache.h */,
				EBFEFBE01CF32248000CDEB0 /* UIImageView+WebCache.m */,
				EBFEFBE11CF32248000CDEB0 /* UIView+WebCacheOperation.h */,
				EBFEFBE21CF32248000CDEB0 /* UIView+WebCacheOperation.m */,
			);
			path = SDWebImage;
			sourceTree = "<group>";
		};
		EBFEFBE31CF32248000CDEB0 /* YiRefresh */ = {
			isa = PBXGroup;
			children = (
				EBFEFBE41CF32248000CDEB0 /* YiRefreshFooter.h */,
				EBFEFBE51CF32248000CDEB0 /* YiRefreshFooter.m */,
				EBFEFBE61CF32248000CDEB0 /* YiRefreshHeader.h */,
				EBFEFBE71CF32248000CDEB0 /* YiRefreshHeader.m */,
			);
			path = YiRefresh;
			sourceTree = "<group>";
		};
/* End PBXGroup section */

/* Begin PBXNativeTarget section */
		EBD7C2EC1CD70C7A006F2016 /* LJKBILIBILI */ = {
			isa = PBXNativeTarget;
			buildConfigurationList = EBD7C31A1CD70C7A006F2016 /* Build configuration list for PBXNativeTarget "LJKBILIBILI" */;
			buildPhases = (
				00960CB84AD30FAFADD880D1 /* Check Pods Manifest.lock */,
				EBD7C2E91CD70C7A006F2016 /* Sources */,
				EBD7C2EA1CD70C7A006F2016 /* Frameworks */,
				EBD7C2EB1CD70C7A006F2016 /* Resources */,
				8EE15A4DC1E6A807393D2580 /* Embed Pods Frameworks */,
				CAD2CDCE0A3D316B220F3EB3 /* Copy Pods Resources */,
			);
			buildRules = (
			);
			dependencies = (
			);
			name = LJKBILIBILI;
			productName = LJKBILIBILI;
			productReference = EBD7C2ED1CD70C7A006F2016 /* LJKBILIBILI.app */;
			productType = "com.apple.product-type.application";
		};
		EBD7C3051CD70C7A006F2016 /* LJKBILIBILITests */ = {
			isa = PBXNativeTarget;
			buildConfigurationList = EBD7C31D1CD70C7A006F2016 /* Build configuration list for PBXNativeTarget "LJKBILIBILITests" */;
			buildPhases = (
				EBD7C3021CD70C7A006F2016 /* Sources */,
				EBD7C3031CD70C7A006F2016 /* Frameworks */,
				EBD7C3041CD70C7A006F2016 /* Resources */,
			);
			buildRules = (
			);
			dependencies = (
				EBD7C3081CD70C7A006F2016 /* PBXTargetDependency */,
			);
			name = LJKBILIBILITests;
			productName = LJKBILIBILITests;
			productReference = EBD7C3061CD70C7A006F2016 /* LJKBILIBILITests.xctest */;
			productType = "com.apple.product-type.bundle.unit-test";
		};
		EBD7C3101CD70C7A006F2016 /* LJKBILIBILIUITests */ = {
			isa = PBXNativeTarget;
			buildConfigurationList = EBD7C3201CD70C7A006F2016 /* Build configuration list for PBXNativeTarget "LJKBILIBILIUITests" */;
			buildPhases = (
				EBD7C30D1CD70C7A006F2016 /* Sources */,
				EBD7C30E1CD70C7A006F2016 /* Frameworks */,
				EBD7C30F1CD70C7A006F2016 /* Resources */,
			);
			buildRules = (
			);
			dependencies = (
				EBD7C3131CD70C7A006F2016 /* PBXTargetDependency */,
			);
			name = LJKBILIBILIUITests;
			productName = LJKBILIBILIUITests;
			productReference = EBD7C3111CD70C7A006F2016 /* LJKBILIBILIUITests.xctest */;
			productType = "com.apple.product-type.bundle.ui-testing";
		};
/* End PBXNativeTarget section */

/* Begin PBXProject section */
		EBD7C2E51CD70C7A006F2016 /* Project object */ = {
			isa = PBXProject;
			attributes = {
				CLASSPREFIX = BL;
				LastUpgradeCheck = 0720;
				ORGANIZATIONNAME = LJK;
				TargetAttributes = {
					EBD7C2EC1CD70C7A006F2016 = {
						CreatedOnToolsVersion = 7.2;
					};
					EBD7C3051CD70C7A006F2016 = {
						CreatedOnToolsVersion = 7.2;
						TestTargetID = EBD7C2EC1CD70C7A006F2016;
					};
					EBD7C3101CD70C7A006F2016 = {
						CreatedOnToolsVersion = 7.2;
						TestTargetID = EBD7C2EC1CD70C7A006F2016;
					};
				};
			};
			buildConfigurationList = EBD7C2E81CD70C7A006F2016 /* Build configuration list for PBXProject "LJKBILIBILI" */;
			compatibilityVersion = "Xcode 3.2";
			developmentRegion = English;
			hasScannedForEncodings = 0;
			knownRegions = (
				en,
				Base,
			);
			mainGroup = EBD7C2E41CD70C7A006F2016;
			productRefGroup = EBD7C2EE1CD70C7A006F2016 /* Products */;
			projectDirPath = "";
			projectRoot = "";
			targets = (
				EBD7C2EC1CD70C7A006F2016 /* LJKBILIBILI */,
				EBD7C3051CD70C7A006F2016 /* LJKBILIBILITests */,
				EBD7C3101CD70C7A006F2016 /* LJKBILIBILIUITests */,
			);
		};
/* End PBXProject section */

/* Begin PBXResourcesBuildPhase section */
		EBD7C2EB1CD70C7A006F2016 /* Resources */ = {
			isa = PBXResourcesBuildPhase;
			buildActionMask = 2147483647;
			files = (
				EB7744571CF1D1C7007D83E9 /* PlayerViewControl.xib in Resources */,
				EB7743201CE5DC4B007D83E9 /* BLCellItem.xib in Resources */,
				EB7743261CE5DC4B007D83E9 /* BLTopicCell.xib in Resources */,
				EB77431E1CE5DC4B007D83E9 /* BLADCell.xib in Resources */,
				EB7743241CE5DC4B007D83E9 /* BLScrollCell.xib in Resources */,
				EB7743221CE5DC4B007D83E9 /* BLCellItem2.xib in Resources */,
				EB7743691CE73DD0007D83E9 /* BLSynopsisController.xib in Resources */,
				EB77431C1CE5DC4B007D83E9 /* BLBaseCell.xib in Resources */,
				EB7744451CEC2DC5007D83E9 /* BLOnePlayController_new.xib in Resources */,
				EB77421E1CD8ED98007D83E9 /* BLSlidView.xib in Resources */,
				EBD7C3001CD70C7A006F2016 /* LaunchScreen.storyboard in Resources */,
				EB7743721CEAB262007D83E9 /* BLCommentCell.xib in Resources */,
				EB77423E1CE0A2A3007D83E9 /* Assets.xcassets in Resources */,
				EB77423F1CE0A2A3007D83E9 /* Info.plist in Resources */,
				EB7743371CE5FD69007D83E9 /* BLOnePlayController.storyboard in Resources */,
				EB7744401CEC1685007D83E9 /* BLPlayView.xib in Resources */,
				EBD7C2FB1CD70C7A006F2016 /* Main.storyboard in Resources */,
				EB7743771CEB0E4F007D83E9 /* BLCommentHeader.xib in Resources */,
				EB7742401CE0A2A3007D83E9 /* Setting.plist in Resources */,
			);
			runOnlyForDeploymentPostprocessing = 0;
		};
		EBD7C3041CD70C7A006F2016 /* Resources */ = {
			isa = PBXResourcesBuildPhase;
			buildActionMask = 2147483647;
			files = (
			);
			runOnlyForDeploymentPostprocessing = 0;
		};
		EBD7C30F1CD70C7A006F2016 /* Resources */ = {
			isa = PBXResourcesBuildPhase;
			buildActionMask = 2147483647;
			files = (
			);
			runOnlyForDeploymentPostprocessing = 0;
		};
/* End PBXResourcesBuildPhase section */

/* Begin PBXShellScriptBuildPhase section */
		00960CB84AD30FAFADD880D1 /* Check Pods Manifest.lock */ = {
			isa = PBXShellScriptBuildPhase;
			buildActionMask = 2147483647;
			files = (
			);
			inputPaths = (
			);
			name = "Check Pods Manifest.lock";
			outputPaths = (
			);
			runOnlyForDeploymentPostprocessing = 0;
			shellPath = /bin/sh;
			shellScript = "diff \"${PODS_ROOT}/../Podfile.lock\" \"${PODS_ROOT}/Manifest.lock\" > /dev/null\nif [[ $? != 0 ]] ; then\n    cat << EOM\nerror: The sandbox is not in sync with the Podfile.lock. Run 'pod install' or update your CocoaPods installation.\nEOM\n    exit 1\nfi\n";
			showEnvVarsInLog = 0;
		};
		8EE15A4DC1E6A807393D2580 /* Embed Pods Frameworks */ = {
			isa = PBXShellScriptBuildPhase;
			buildActionMask = 2147483647;
			files = (
			);
			inputPaths = (
			);
			name = "Embed Pods Frameworks";
			outputPaths = (
			);
			runOnlyForDeploymentPostprocessing = 0;
			shellPath = /bin/sh;
			shellScript = "\"${SRCROOT}/../Pods/Target Support Files/Pods/Pods-frameworks.sh\"\n";
			showEnvVarsInLog = 0;
		};
		CAD2CDCE0A3D316B220F3EB3 /* Copy Pods Resources */ = {
			isa = PBXShellScriptBuildPhase;
			buildActionMask = 2147483647;
			files = (
			);
			inputPaths = (
			);
			name = "Copy Pods Resources";
			outputPaths = (
			);
			runOnlyForDeploymentPostprocessing = 0;
			shellPath = /bin/sh;
			shellScript = "\"${SRCROOT}/../Pods/Target Support Files/Pods/Pods-resources.sh\"\n";
			showEnvVarsInLog = 0;
		};
/* End PBXShellScriptBuildPhase section */

/* Begin PBXSourcesBuildPhase section */
		EBD7C2E91CD70C7A006F2016 /* Sources */ = {
			isa = PBXSourcesBuildPhase;
			buildActionMask = 2147483647;
			files = (
				EB7742381CE0A268007D83E9 /* AppDelegate.m in Sources */,
				EB7743541CE61951007D83E9 /* BLSynopsisController.m in Sources */,
				EBFEFBF31CF32248000CDEB0 /* NSObject+MJIvar.m in Sources */,
				EB7743301CE5DC87007D83E9 /* BLBaseViewController.m in Sources */,
				EBFEFBFA1CF32248000CDEB0 /* SDWebImageDownloader.m in Sources */,
				EBFEFBEB1CF32248000CDEB0 /* DLFixedTabbarView.m in Sources */,
				EB7743351CE5FCEC007D83E9 /* BLOnePlayController.m in Sources */,
				EB77431A1CE5DC4B007D83E9 /* BLBaseCellModel.m in Sources */,
				EB7743711CEAB262007D83E9 /* BLCommentCell.m in Sources */,
				EB77435A1CE71545007D83E9 /* BLPageModel.m in Sources */,
				EBFEFC001CF32248000CDEB0 /* UIImage+MultiFormat.m in Sources */,
				EB7742321CE084D5007D83E9 /* BLCommendViewController.m in Sources */,
				EB7743671CE71A69007D83E9 /* BLDataTool.m in Sources */,
				EBFEFBF01CF32248000CDEB0 /* MJIvar.m in Sources */,
				EBFEFBFF1CF32248000CDEB0 /* UIImage+GIF.m in Sources */,
				EB77431D1CE5DC4B007D83E9 /* BLADCell.m in Sources */,
				EBFEFBEC1CF32248000CDEB0 /* DLScrollTabbarView.m in Sources */,
				EB7743601CE7182A007D83E9 /* BLMemberModel.m in Sources */,
				EB7743751CEB0E3D007D83E9 /* BLCommentHeader.m in Sources */,
				EBFEFBF91CF32248000CDEB0 /* SDWebImageDecoder.m in Sources */,
				EB7744511CEC88D2007D83E9 /* PlayerView+Notification.m in Sources */,
				EB7742171CD8CEE3007D83E9 /* BLTopView.m in Sources */,
				EBFEFBF61CF32248000CDEB0 /* NSData+ImageContentType.m in Sources */,
				EB77420B1CD8B702007D83E9 /* BLHomeViewController.m in Sources */,
				EBFEFC051CF32248000CDEB0 /* YiRefreshFooter.m in Sources */,
				EB7743631CE71845007D83E9 /* BLContentModel.m in Sources */,
				EB77431B1CE5DC4B007D83E9 /* BLBaseCell.m in Sources */,
				EBFEFBF21CF32248000CDEB0 /* NSObject+MJCoding.m in Sources */,
				EB7744521CEC88D2007D83E9 /* PlayerViewControl.m in Sources */,
				EBFEFBF51CF32248000CDEB0 /* MKAnnotationView+WebCache.m in Sources */,
				EB7742FD1CE5DC31007D83E9 /* BLHttpTool.m in Sources */,
				EB7742C31CE363F9007D83E9 /* BLCommendViewLayout.m in Sources */,
				EB7743231CE5DC4B007D83E9 /* BLScrollCell.m in Sources */,
				EB7744441CEC2DC5007D83E9 /* BLOnePlayController_new.m in Sources */,
				EB7743211CE5DC4B007D83E9 /* BLCellItem2.m in Sources */,
				EBFEFC021CF32248000CDEB0 /* UIImageView+HighlightedWebCache.m in Sources */,
				EB7742501CE2043B007D83E9 /* BLResultItem.m in Sources */,
				EBFEFBFC1CF32248000CDEB0 /* SDWebImageManager.m in Sources */,
				EB77435D1CE71753007D83E9 /* BLCommendCellModel.m in Sources */,
				EB7743251CE5DC4B007D83E9 /* BLTopicCell.m in Sources */,
				EBFEFBFD1CF32248000CDEB0 /* SDWebImagePrefetcher.m in Sources */,
				EBFEFBFE1CF32248000CDEB0 /* UIButton+WebCache.m in Sources */,
				EB7742C01CE33786007D83E9 /* UIView+Extension.m in Sources */,
				EB7742081CD8B6D6007D83E9 /* BLNavigationController.m in Sources */,
				EBFEFBEA1CF32248000CDEB0 /* DLSlideView.m in Sources */,
				EBFEFC031CF32248000CDEB0 /* UIImageView+WebCache.m in Sources */,
				EB7743511CE6180F007D83E9 /* BLPlayView.m in Sources */,
				EBFEFC011CF32248000CDEB0 /* UIImage+WebP.m in Sources */,
				EB7744531CEC88D2007D83E9 /* PlayerViewController.m in Sources */,
				EBFEFBE91CF32248000CDEB0 /* DLCustomSlideView.m in Sources */,
				EBFEFBEE1CF32248000CDEB0 /* MJConst.m in Sources */,
				EBFEFBED1CF32248000CDEB0 /* DLTabedSlideView.m in Sources */,
				EB77421C1CD8ED74007D83E9 /* BLSlidView.m in Sources */,
				EBFEFC041CF32248000CDEB0 /* UIView+WebCacheOperation.m in Sources */,
				EBFEFBF41CF32248000CDEB0 /* NSObject+MJKeyValue.m in Sources */,
				EB7742531CE2049B007D83E9 /* BLResultItemHead.m in Sources */,
				EB7743191CE5DC4B007D83E9 /* BLADModal.m in Sources */,
				EB77436C1CE9C964007D83E9 /* BLCommentController.m in Sources */,
				EB7742141CD8CAC8007D83E9 /* BLConst.m in Sources */,
				EB77431F1CE5DC4B007D83E9 /* BLCellItem.m in Sources */,
				EB7742231CE03937007D83E9 /* BLMainScrollView.m in Sources */,
				EBFEFBEF1CF32248000CDEB0 /* MJFoundation.m in Sources */,
				EB7743571CE71376007D83E9 /* BLCommendModel.m in Sources */,
				EBFEFBF81CF32248000CDEB0 /* SDWebImageCompat.m in Sources */,
				EBFEFBF11CF32248000CDEB0 /* MJType.m in Sources */,
				EBFEFBF71CF32248000CDEB0 /* SDImageCache.m in Sources */,
				EBFEFBFB1CF32248000CDEB0 /* SDWebImageDownloaderOperation.m in Sources */,
				EBFEFBE81CF32248000CDEB0 /* DLLRUCache.m in Sources */,
				EB77423A1CE0A27C007D83E9 /* main.m in Sources */,
				EB7744541CEC88D2007D83E9 /* PlayerViewRotate.m in Sources */,
				EBFEFC061CF32248000CDEB0 /* YiRefreshHeader.m in Sources */,
				EB7742471CE1DAE4007D83E9 /* Foundation+Log.m in Sources */,
			);
			runOnlyForDeploymentPostprocessing = 0;
		};
		EBD7C3021CD70C7A006F2016 /* Sources */ = {
			isa = PBXSourcesBuildPhase;
			buildActionMask = 2147483647;
			files = (
				EBD7C30B1CD70C7A006F2016 /* LJKBILIBILITests.m in Sources */,
			);
			runOnlyForDeploymentPostprocessing = 0;
		};
		EBD7C30D1CD70C7A006F2016 /* Sources */ = {
			isa = PBXSourcesBuildPhase;
			buildActionMask = 2147483647;
			files = (
				EBD7C3161CD70C7A006F2016 /* LJKBILIBILIUITests.m in Sources */,
			);
			runOnlyForDeploymentPostprocessing = 0;
		};
/* End PBXSourcesBuildPhase section */

/* Begin PBXTargetDependency section */
		EBD7C3081CD70C7A006F2016 /* PBXTargetDependency */ = {
			isa = PBXTargetDependency;
			target = EBD7C2EC1CD70C7A006F2016 /* LJKBILIBILI */;
			targetProxy = EBD7C3071CD70C7A006F2016 /* PBXContainerItemProxy */;
		};
		EBD7C3131CD70C7A006F2016 /* PBXTargetDependency */ = {
			isa = PBXTargetDependency;
			target = EBD7C2EC1CD70C7A006F2016 /* LJKBILIBILI */;
			targetProxy = EBD7C3121CD70C7A006F2016 /* PBXContainerItemProxy */;
		};
/* End PBXTargetDependency section */

/* Begin PBXVariantGroup section */
		EBD7C2F91CD70C7A006F2016 /* Main.storyboard */ = {
			isa = PBXVariantGroup;
			children = (
				EBD7C2FA1CD70C7A006F2016 /* Base */,
			);
			name = Main.storyboard;
			path = ../../..;
			sourceTree = "<group>";
		};
		EBD7C2FE1CD70C7A006F2016 /* LaunchScreen.storyboard */ = {
			isa = PBXVariantGroup;
			children = (
				EBD7C2FF1CD70C7A006F2016 /* Base */,
			);
			name = LaunchScreen.storyboard;
			path = ../..;
			sourceTree = "<group>";
		};
/* End PBXVariantGroup section */

/* Begin XCBuildConfiguration section */
		EBD7C3181CD70C7A006F2016 /* Debug */ = {
			isa = XCBuildConfiguration;
			buildSettings = {
				ALWAYS_SEARCH_USER_PATHS = NO;
				CLANG_CXX_LANGUAGE_STANDARD = "gnu++0x";
				CLANG_CXX_LIBRARY = "libc++";
				CLANG_ENABLE_MODULES = YES;
				CLANG_ENABLE_OBJC_ARC = YES;
				CLANG_WARN_BOOL_CONVERSION = YES;
				CLANG_WARN_CONSTANT_CONVERSION = YES;
				CLANG_WARN_DIRECT_OBJC_ISA_USAGE = YES_ERROR;
				CLANG_WARN_EMPTY_BODY = YES;
				CLANG_WARN_ENUM_CONVERSION = YES;
				CLANG_WARN_INT_CONVERSION = YES;
				CLANG_WARN_OBJC_ROOT_CLASS = YES_ERROR;
				CLANG_WARN_UNREACHABLE_CODE = YES;
				CLANG_WARN__DUPLICATE_METHOD_MATCH = YES;
				"CODE_SIGN_IDENTITY[sdk=iphoneos*]" = "iPhone Developer";
				COPY_PHASE_STRIP = NO;
				DEBUG_INFORMATION_FORMAT = dwarf;
				ENABLE_STRICT_OBJC_MSGSEND = YES;
				ENABLE_TESTABILITY = YES;
				GCC_C_LANGUAGE_STANDARD = gnu99;
				GCC_DYNAMIC_NO_PIC = NO;
				GCC_NO_COMMON_BLOCKS = YES;
				GCC_OPTIMIZATION_LEVEL = 0;
				GCC_PREPROCESSOR_DEFINITIONS = (
					"DEBUG=1",
					"$(inherited)",
				);
				GCC_WARN_64_TO_32_BIT_CONVERSION = YES;
				GCC_WARN_ABOUT_RETURN_TYPE = YES_ERROR;
				GCC_WARN_UNDECLARED_SELECTOR = YES;
				GCC_WARN_UNINITIALIZED_AUTOS = YES_AGGRESSIVE;
				GCC_WARN_UNUSED_FUNCTION = YES;
				GCC_WARN_UNUSED_VARIABLE = YES;
				IPHONEOS_DEPLOYMENT_TARGET = 9.2;
				MTL_ENABLE_DEBUG_INFO = YES;
				ONLY_ACTIVE_ARCH = YES;
				SDKROOT = iphoneos;
				TARGETED_DEVICE_FAMILY = "1,2";
			};
			name = Debug;
		};
		EBD7C3191CD70C7A006F2016 /* Release */ = {
			isa = XCBuildConfiguration;
			buildSettings = {
				ALWAYS_SEARCH_USER_PATHS = NO;
				CLANG_CXX_LANGUAGE_STANDARD = "gnu++0x";
				CLANG_CXX_LIBRARY = "libc++";
				CLANG_ENABLE_MODULES = YES;
				CLANG_ENABLE_OBJC_ARC = YES;
				CLANG_WARN_BOOL_CONVERSION = YES;
				CLANG_WARN_CONSTANT_CONVERSION = YES;
				CLANG_WARN_DIRECT_OBJC_ISA_USAGE = YES_ERROR;
				CLANG_WARN_EMPTY_BODY = YES;
				CLANG_WARN_ENUM_CONVERSION = YES;
				CLANG_WARN_INT_CONVERSION = YES;
				CLANG_WARN_OBJC_ROOT_CLASS = YES_ERROR;
				CLANG_WARN_UNREACHABLE_CODE = YES;
				CLANG_WARN__DUPLICATE_METHOD_MATCH = YES;
				"CODE_SIGN_IDENTITY[sdk=iphoneos*]" = "iPhone Developer";
				COPY_PHASE_STRIP = NO;
				DEBUG_INFORMATION_FORMAT = "dwarf-with-dsym";
				ENABLE_NS_ASSERTIONS = NO;
				ENABLE_STRICT_OBJC_MSGSEND = YES;
				GCC_C_LANGUAGE_STANDARD = gnu99;
				GCC_NO_COMMON_BLOCKS = YES;
				GCC_WARN_64_TO_32_BIT_CONVERSION = YES;
				GCC_WARN_ABOUT_RETURN_TYPE = YES_ERROR;
				GCC_WARN_UNDECLARED_SELECTOR = YES;
				GCC_WARN_UNINITIALIZED_AUTOS = YES_AGGRESSIVE;
				GCC_WARN_UNUSED_FUNCTION = YES;
				GCC_WARN_UNUSED_VARIABLE = YES;
				IPHONEOS_DEPLOYMENT_TARGET = 9.2;
				MTL_ENABLE_DEBUG_INFO = NO;
				SDKROOT = iphoneos;
				TARGETED_DEVICE_FAMILY = "1,2";
				VALIDATE_PRODUCT = YES;
			};
			name = Release;
		};
		EBD7C31B1CD70C7A006F2016 /* Debug */ = {
			isa = XCBuildConfiguration;
			baseConfigurationReference = AC28F008A4D1D594A03F4A42 /* Pods.debug.xcconfig */;
			buildSettings = {
				ASSETCATALOG_COMPILER_APPICON_NAME = AppIcon;
				FRAMEWORK_SEARCH_PATHS = (
					"$(inherited)",
					"$(PROJECT_DIR)",
				);
				INFOPLIST_FILE = "$(SRCROOT)/LJKBILIBILI/Classes/Source/Info.plist";
				LD_RUNPATH_SEARCH_PATHS = "$(inherited) @executable_path/Frameworks";
				PRODUCT_BUNDLE_IDENTIFIER = com.LJK.LJKBILIBILI;
				PRODUCT_NAME = "$(TARGET_NAME)";
			};
			name = Debug;
		};
		EBD7C31C1CD70C7A006F2016 /* Release */ = {
			isa = XCBuildConfiguration;
			baseConfigurationReference = 4936E3804F9914AEEC7F4E42 /* Pods.release.xcconfig */;
			buildSettings = {
				ASSETCATALOG_COMPILER_APPICON_NAME = AppIcon;
				FRAMEWORK_SEARCH_PATHS = (
					"$(inherited)",
					"$(PROJECT_DIR)",
				);
				INFOPLIST_FILE = "$(SRCROOT)/LJKBILIBILI/Classes/Source/Info.plist";
				LD_RUNPATH_SEARCH_PATHS = "$(inherited) @executable_path/Frameworks";
				PRODUCT_BUNDLE_IDENTIFIER = com.LJK.LJKBILIBILI;
				PRODUCT_NAME = "$(TARGET_NAME)";
			};
			name = Release;
		};
		EBD7C31E1CD70C7A006F2016 /* Debug */ = {
			isa = XCBuildConfiguration;
			buildSettings = {
				BUNDLE_LOADER = "$(TEST_HOST)";
				INFOPLIST_FILE = LJKBILIBILITests/Info.plist;
				LD_RUNPATH_SEARCH_PATHS = "$(inherited) @executable_path/Frameworks @loader_path/Frameworks";
				PRODUCT_BUNDLE_IDENTIFIER = com.LJK.LJKBILIBILITests;
				PRODUCT_NAME = "$(TARGET_NAME)";
				TEST_HOST = "$(BUILT_PRODUCTS_DIR)/LJKBILIBILI.app/LJKBILIBILI";
			};
			name = Debug;
		};
		EBD7C31F1CD70C7A006F2016 /* Release */ = {
			isa = XCBuildConfiguration;
			buildSettings = {
				BUNDLE_LOADER = "$(TEST_HOST)";
				INFOPLIST_FILE = LJKBILIBILITests/Info.plist;
				LD_RUNPATH_SEARCH_PATHS = "$(inherited) @executable_path/Frameworks @loader_path/Frameworks";
				PRODUCT_BUNDLE_IDENTIFIER = com.LJK.LJKBILIBILITests;
				PRODUCT_NAME = "$(TARGET_NAME)";
				TEST_HOST = "$(BUILT_PRODUCTS_DIR)/LJKBILIBILI.app/LJKBILIBILI";
			};
			name = Release;
		};
		EBD7C3211CD70C7A006F2016 /* Debug */ = {
			isa = XCBuildConfiguration;
			buildSettings = {
				INFOPLIST_FILE = LJKBILIBILIUITests/Info.plist;
				LD_RUNPATH_SEARCH_PATHS = "$(inherited) @executable_path/Frameworks @loader_path/Frameworks";
				PRODUCT_BUNDLE_IDENTIFIER = com.LJK.LJKBILIBILIUITests;
				PRODUCT_NAME = "$(TARGET_NAME)";
				TEST_TARGET_NAME = LJKBILIBILI;
				USES_XCTRUNNER = YES;
			};
			name = Debug;
		};
		EBD7C3221CD70C7A006F2016 /* Release */ = {
			isa = XCBuildConfiguration;
			buildSettings = {
				INFOPLIST_FILE = LJKBILIBILIUITests/Info.plist;
				LD_RUNPATH_SEARCH_PATHS = "$(inherited) @executable_path/Frameworks @loader_path/Frameworks";
				PRODUCT_BUNDLE_IDENTIFIER = com.LJK.LJKBILIBILIUITests;
				PRODUCT_NAME = "$(TARGET_NAME)";
				TEST_TARGET_NAME = LJKBILIBILI;
				USES_XCTRUNNER = YES;
			};
			name = Release;
		};
/* End XCBuildConfiguration section */

/* Begin XCConfigurationList section */
		EBD7C2E81CD70C7A006F2016 /* Build configuration list for PBXProject "LJKBILIBILI" */ = {
			isa = XCConfigurationList;
			buildConfigurations = (
				EBD7C3181CD70C7A006F2016 /* Debug */,
				EBD7C3191CD70C7A006F2016 /* Release */,
			);
			defaultConfigurationIsVisible = 0;
			defaultConfigurationName = Release;
		};
		EBD7C31A1CD70C7A006F2016 /* Build configuration list for PBXNativeTarget "LJKBILIBILI" */ = {
			isa = XCConfigurationList;
			buildConfigurations = (
				EBD7C31B1CD70C7A006F2016 /* Debug */,
				EBD7C31C1CD70C7A006F2016 /* Release */,
			);
			defaultConfigurationIsVisible = 0;
			defaultConfigurationName = Release;
		};
		EBD7C31D1CD70C7A006F2016 /* Build configuration list for PBXNativeTarget "LJKBILIBILITests" */ = {
			isa = XCConfigurationList;
			buildConfigurations = (
				EBD7C31E1CD70C7A006F2016 /* Debug */,
				EBD7C31F1CD70C7A006F2016 /* Release */,
			);
			defaultConfigurationIsVisible = 0;
			defaultConfigurationName = Release;
		};
		EBD7C3201CD70C7A006F2016 /* Build configuration list for PBXNativeTarget "LJKBILIBILIUITests" */ = {
			isa = XCConfigurationList;
			buildConfigurations = (
				EBD7C3211CD70C7A006F2016 /* Debug */,
				EBD7C3221CD70C7A006F2016 /* Release */,
			);
			defaultConfigurationIsVisible = 0;
			defaultConfigurationName = Release;
		};
/* End XCConfigurationList section */
	};
	rootObject = EBD7C2E51CD70C7A006F2016 /* Project object */;
}
